// !$*UTF8*$!
{
	archiveVersion = 1;
	classes = {
	};
	objectVersion = 77;
	objects = {

/* Begin PBXFileReference section */
		2E0F304530113C9100EC26A5 /* iosApp.xcodeproj */ = {isa = PBXFileReference; lastKnownFileType = "wrapper.pb-project"; path = iosApp.xcodeproj; sourceTree = "<group>"; };
		2E0F304630113C9100EC26A5 /* iosApp_copy.xcodeproj */ = {isa = PBXFileReference; lastKnownFileType = "wrapper.pb-project"; path = iosApp_copy.xcodeproj; sourceTree = "<group>"; };
		2E0F42FD30113C9100EC26A5 /* iosApp.xcodeproj */ = {isa = PBXFileReference; lastKnownFileType = "wrapper.pb-project"; path = iosApp.xcodeproj; sourceTree = "<group>"; };
		2E0F44B430113C9100EC26A5 /* iosApp.xcodeproj */ = {isa = PBXFileReference; lastKnownFileType = "wrapper.pb-project"; path = iosApp.xcodeproj; sourceTree = "<group>"; };
		2E24886C301152AB000DC9BF /* iosApp.xcodeproj */ = {isa = PBXFileReference; lastKnownFileType = "wrapper.pb-project"; path = iosApp.xcodeproj; sourceTree = "<group>"; };
		2E24886D301152AB000DC9BF /* iosApp_copy.xcodeproj */ = {isa = PBXFileReference; lastKnownFileType = "wrapper.pb-project"; path = iosApp_copy.xcodeproj; sourceTree = "<group>"; };
		2E248E8F301152AB000DC9BF /* iosApp.xcodeproj */ = {isa = PBXFileReference; lastKnownFileType = "wrapper.pb-project"; path = iosApp.xcodeproj; sourceTree = "<group>"; };
		2E249046301152AB000DC9BF /* iosApp.xcodeproj */ = {isa = PBXFileReference; lastKnownFileType = "wrapper.pb-project"; path = iosApp.xcodeproj; sourceTree = "<group>"; };
		2E24EE5030115CE100A62C0B /* iosApp.xcodeproj */ = {isa = PBXFileReference; lastKnownFileType = "wrapper.pb-project"; path = iosApp.xcodeproj; sourceTree = "<group>"; };
		2E24EE5130115CE100A62C0B /* iosApp_copy.xcodeproj */ = {isa = PBXFileReference; lastKnownFileType = "wrapper.pb-project"; path = iosApp_copy.xcodeproj; sourceTree = "<group>"; };
		2E24F50430115CE100A62C0B /* iosApp.xcodeproj */ = {isa = PBXFileReference; lastKnownFileType = "wrapper.pb-project"; path = iosApp.xcodeproj; sourceTree = "<group>"; };
		2E24F6BB30115CE100A62C0B /* iosApp.xcodeproj */ = {isa = PBXFileReference; lastKnownFileType = "wrapper.pb-project"; path = iosApp.xcodeproj; sourceTree = "<group>"; };
		2E2F533330493E340003F98F /* iosApp.xcodeproj */ = {isa = PBXFileReference; lastKnownFileType = "wrapper.pb-project"; path = iosApp.xcodeproj; sourceTree = "<group>"; };
		2E3607CB30113F0C002163FF /* iosApp.xcodeproj */ = {isa = PBXFileReference; lastKnownFileType = "wrapper.pb-project"; path = iosApp.xcodeproj; sourceTree = "<group>"; };
		2E36098230113F0C002163FF /* iosApp.xcodeproj */ = {isa = PBXFileReference; lastKnownFileType = "wrapper.pb-project"; path = iosApp.xcodeproj; sourceTree = "<group>"; };
		2E36F4FE30113F0C002163FF /* iosApp.xcodeproj */ = {isa = PBXFileReference; lastKnownFileType = "wrapper.pb-project"; path = iosApp.xcodeproj; sourceTree = "<group>"; };
		2E36F4FF30113F0C002163FF /* iosApp_copy.xcodeproj */ = {isa = PBXFileReference; lastKnownFileType = "wrapper.pb-project"; path = iosApp_copy.xcodeproj; sourceTree = "<group>"; };
		2E38854E3025E3EA000555E0 /* iosApp.xcodeproj */ = {isa = PBXFileReference; lastKnownFileType = "wrapper.pb-project"; path = iosApp.xcodeproj; sourceTree = "<group>"; };
		2E3BAFA8303F8D37001025A9 /* iosApp.xcodeproj */ = {isa = PBXFileReference; lastKnownFileType = "wrapper.pb-project"; path = iosApp.xcodeproj; sourceTree = "<group>"; };
		2E3FE69E3040A83200543B13 /* iosApp.xcodeproj */ = {isa = PBXFileReference; lastKnownFileType = "wrapper.pb-project"; path = iosApp.xcodeproj; sourceTree = "<group>"; };
		2E4533773011556A000E0AB6 /* iosApp.xcodeproj */ = {isa = PBXFileReference; lastKnownFileType = "wrapper.pb-project"; path = iosApp.xcodeproj; sourceTree = "<group>"; };
		2E4533783011556A000E0AB6 /* iosApp_copy.xcodeproj */ = {isa = PBXFileReference; lastKnownFileType = "wrapper.pb-project"; path = iosApp_copy.xcodeproj; sourceTree = "<group>"; };
		2E4539C13011556A000E0AB6 /* iosApp.xcodeproj */ = {isa = PBXFileReference; lastKnownFileType = "wrapper.pb-project"; path = iosApp.xcodeproj; sourceTree = "<group>"; };
		2E453B783011556A000E0AB6 /* iosApp.xcodeproj */ = {isa = PBXFileReference; lastKnownFileType = "wrapper.pb-project"; path = iosApp.xcodeproj; sourceTree = "<group>"; };
		2E5547973011411F00D8B116 /* iosApp.xcodeproj */ = {isa = PBXFileReference; lastKnownFileType = "wrapper.pb-project"; path = iosApp.xcodeproj; sourceTree = "<group>"; };
		2E5547983011411F00D8B116 /* iosApp_copy.xcodeproj */ = {isa = PBXFileReference; lastKnownFileType = "wrapper.pb-project"; path = iosApp_copy.xcodeproj; sourceTree = "<group>"; };
		2E5547CF3011411F00D8B116 /* iosApp.xcodeproj */ = {isa = PBXFileReference; lastKnownFileType = "wrapper.pb-project"; path = iosApp.xcodeproj; sourceTree = "<group>"; };
		2E5549863011411F00D8B116 /* iosApp.xcodeproj */ = {isa = PBXFileReference; lastKnownFileType = "wrapper.pb-project"; path = iosApp.xcodeproj; sourceTree = "<group>"; };
		2E56ED0C304A8EDD00C77FAA /* iosApp.xcodeproj */ = {isa = PBXFileReference; lastKnownFileType = "wrapper.pb-project"; path = iosApp.xcodeproj; sourceTree = "<group>"; };
		2E6510C53011567000E4B3F6 /* iosApp.xcodeproj */ = {isa = PBXFileReference; lastKnownFileType = "wrapper.pb-project"; path = iosApp.xcodeproj; sourceTree = "<group>"; };
		2E6510C63011567000E4B3F6 /* iosApp_copy.xcodeproj */ = {isa = PBXFileReference; lastKnownFileType = "wrapper.pb-project"; path = iosApp_copy.xcodeproj; sourceTree = "<group>"; };
		2E6517253011567000E4B3F6 /* iosApp.xcodeproj */ = {isa = PBXFileReference; lastKnownFileType = "wrapper.pb-project"; path = iosApp.xcodeproj; sourceTree = "<group>"; };
		2E6518DC3011567000E4B3F6 /* iosApp.xcodeproj */ = {isa = PBXFileReference; lastKnownFileType = "wrapper.pb-project"; path = iosApp.xcodeproj; sourceTree = "<group>"; };
		2E71E5653045A8A200278F2C /* iosApp.xcodeproj */ = {isa = PBXFileReference; lastKnownFileType = "wrapper.pb-project"; path = iosApp.xcodeproj; sourceTree = "<group>"; };
		2E72F629303ACF20002CAB5F /* iosApp.xcodeproj */ = {isa = PBXFileReference; lastKnownFileType = "wrapper.pb-project"; path = iosApp.xcodeproj; sourceTree = "<group>"; };
		2E7941E03031BE07007DE2A1 /* iosApp.xcodeproj */ = {isa = PBXFileReference; lastKnownFileType = "wrapper.pb-project"; path = iosApp.xcodeproj; sourceTree = "<group>"; };
		2E88C7C730121A52008A7446 /* iosApp.xcodeproj */ = {isa = PBXFileReference; lastKnownFileType = "wrapper.pb-project"; path = iosApp.xcodeproj; sourceTree = "<group>"; };
		2E88C7C830121A52008A7446 /* iosApp_copy.xcodeproj */ = {isa = PBXFileReference; lastKnownFileType = "wrapper.pb-project"; path = iosApp_copy.xcodeproj; sourceTree = "<group>"; };
		2E88D5B230121A52008A7446 /* iosApp.xcodeproj */ = {isa = PBXFileReference; lastKnownFileType = "wrapper.pb-project"; path = iosApp.xcodeproj; sourceTree = "<group>"; };
		2E88D76930121A52008A7446 /* iosApp.xcodeproj */ = {isa = PBXFileReference; lastKnownFileType = "wrapper.pb-project"; path = iosApp.xcodeproj; sourceTree = "<group>"; };
		2E8A4F243020BAD60038841A /* iosApp.xcodeproj */ = {isa = PBXFileReference; lastKnownFileType = "wrapper.pb-project"; path = iosApp.xcodeproj; sourceTree = "<group>"; };
		2E8E9234301135E00039A83E /* iosApp.xcodeproj */ = {isa = PBXFileReference; lastKnownFileType = "wrapper.pb-project"; path = iosApp.xcodeproj; sourceTree = "<group>"; };
		2E8E9235301135E00039A83E /* iosApp_copy.xcodeproj */ = {isa = PBXFileReference; lastKnownFileType = "wrapper.pb-project"; path = iosApp_copy.xcodeproj; sourceTree = "<group>"; };
		2E8EA1F4301135E00039A83E /* iosApp.xcodeproj */ = {isa = PBXFileReference; lastKnownFileType = "wrapper.pb-project"; path = iosApp.xcodeproj; sourceTree = "<group>"; };
		2E8EA3AB301135E00039A83E /* iosApp.xcodeproj */ = {isa = PBXFileReference; lastKnownFileType = "wrapper.pb-project"; path = iosApp.xcodeproj; sourceTree = "<group>"; };
		2E92D6BF302B396800836AEE /* iosApp.xcodeproj */ = {isa = PBXFileReference; lastKnownFileType = "wrapper.pb-project"; path = iosApp.xcodeproj; sourceTree = "<group>"; };
		2EA33A2F3049A3A000C156A9 /* iosApp.xcodeproj */ = {isa = PBXFileReference; lastKnownFileType = "wrapper.pb-project"; path = iosApp.xcodeproj; sourceTree = "<group>"; };
		2EAABCC93044731A000914DF /* iosApp.xcodeproj */ = {isa = PBXFileReference; lastKnownFileType = "wrapper.pb-project"; path = iosApp.xcodeproj; sourceTree = "<group>"; };
		2EB03CBB30399E84001B3A8C /* iosApp.xcodeproj */ = {isa = PBXFileReference; lastKnownFileType = "wrapper.pb-project"; path = iosApp.xcodeproj; sourceTree = "<group>"; };
		2EB0B79930318ACF0081A995 /* iosApp.xcodeproj */ = {isa = PBXFileReference; lastKnownFileType = "wrapper.pb-project"; path = iosApp.xcodeproj; sourceTree = "<group>"; };
		2EB0BCC830304CBA00FE865D /* iosApp.xcodeproj */ = {isa = PBXFileReference; lastKnownFileType = "wrapper.pb-project"; path = iosApp.xcodeproj; sourceTree = "<group>"; };
		2EB1A1A930443BCB004B8A9C /* iosApp.xcodeproj */ = {isa = PBXFileReference; lastKnownFileType = "wrapper.pb-project"; path = iosApp.xcodeproj; sourceTree = "<group>"; };
		2EB2408D303C1C6D003D7F4B /* iosApp.xcodeproj */ = {isa = PBXFileReference; lastKnownFileType = "wrapper.pb-project"; path = iosApp.xcodeproj; sourceTree = "<group>"; };
		2EB273B7301136E7003901EF /* iosApp.xcodeproj */ = {isa = PBXFileReference; lastKnownFileType = "wrapper.pb-project"; path = iosApp.xcodeproj; sourceTree = "<group>"; };
		2EB273B8301136E7003901EF /* iosApp_copy.xcodeproj */ = {isa = PBXFileReference; lastKnownFileType = "wrapper.pb-project"; path = iosApp_copy.xcodeproj; sourceTree = "<group>"; };
		2EB283D2301136E7003901EF /* iosApp.xcodeproj */ = {isa = PBXFileReference; lastKnownFileType = "wrapper.pb-project"; path = iosApp.xcodeproj; sourceTree = "<group>"; };
		2EB28589301136E7003901EF /* iosApp.xcodeproj */ = {isa = PBXFileReference; lastKnownFileType = "wrapper.pb-project"; path = iosApp.xcodeproj; sourceTree = "<group>"; };
		2EB344B53032F2EC00257568 /* iosApp.xcodeproj */ = {isa = PBXFileReference; lastKnownFileType = "wrapper.pb-project"; path = iosApp.xcodeproj; sourceTree = "<group>"; };
		2EB450E9304172FE00CD1866 /* iosApp.xcodeproj */ = {isa = PBXFileReference; lastKnownFileType = "wrapper.pb-project"; path = iosApp.xcodeproj; sourceTree = "<group>"; };
		2EB451B9301F02C500C816B8 /* iosApp.xcodeproj */ = {isa = PBXFileReference; lastKnownFileType = "wrapper.pb-project"; path = iosApp.xcodeproj; sourceTree = "<group>"; };
		2EB541F130208195007DDEFC /* iosApp.xcodeproj */ = {isa = PBXFileReference; lastKnownFileType = "wrapper.pb-project"; path = iosApp.xcodeproj; sourceTree = "<group>"; };
		2EB5B92E303D8B0B001CA2A1 /* iosApp.xcodeproj */ = {isa = PBXFileReference; lastKnownFileType = "wrapper.pb-project"; path = iosApp.xcodeproj; sourceTree = "<group>"; };
		2EB88C6930381DD700AF0812 /* iosApp.xcodeproj */ = {isa = PBXFileReference; lastKnownFileType = "wrapper.pb-project"; path = iosApp.xcodeproj; sourceTree = "<group>"; };
		2EB9968A3045451500E86162 /* iosApp.xcodeproj */ = {isa = PBXFileReference; lastKnownFileType = "wrapper.pb-project"; path = iosApp.xcodeproj; sourceTree = "<group>"; };
		2EB9AF0530430EC100055E9E /* iosApp.xcodeproj */ = {isa = PBXFileReference; lastKnownFileType = "wrapper.pb-project"; path = iosApp.xcodeproj; sourceTree = "<group>"; };
		2EBBC388302EE9FB00E94228 /* iosApp.xcodeproj */ = {isa = PBXFileReference; lastKnownFileType = "wrapper.pb-project"; path = iosApp.xcodeproj; sourceTree = "<group>"; };
		2EBC40EA30132C0F00540CB1 /* iosApp.xcodeproj */ = {isa = PBXFileReference; lastKnownFileType = "wrapper.pb-project"; path = iosApp.xcodeproj; sourceTree = "<group>"; };
		2EBC754630343C0200E100F2 /* iosApp.xcodeproj */ = {isa = PBXFileReference; lastKnownFileType = "wrapper.pb-project"; path = iosApp.xcodeproj; sourceTree = "<group>"; };
		2EBCB9CD3043E66A00876C53 /* iosApp.xcodeproj */ = {isa = PBXFileReference; lastKnownFileType = "wrapper.pb-project"; path = iosApp.xcodeproj; sourceTree = "<group>"; };
		2EBE3F2E30357D6F00AC7712 /* iosApp.xcodeproj */ = {isa = PBXFileReference; lastKnownFileType = "wrapper.pb-project"; path = iosApp.xcodeproj; sourceTree = "<group>"; };
		2EBE8209302E426D00BF5E29 /* iosApp.xcodeproj */ = {isa = PBXFileReference; lastKnownFileType = "wrapper.pb-project"; path = iosApp.xcodeproj; sourceTree = "<group>"; };
		2EC6E35D304055EA001979F6 /* iosApp.xcodeproj */ = {isa = PBXFileReference; lastKnownFileType = "wrapper.pb-project"; path = iosApp.xcodeproj; sourceTree = "<group>"; };
		2ED6210F3046B9B8007EE001 /* iosApp.xcodeproj */ = {isa = PBXFileReference; lastKnownFileType = "wrapper.pb-project"; path = iosApp.xcodeproj; sourceTree = "<group>"; };
		2EDF55A930212CE600AC8391 /* iosApp.xcodeproj */ = {isa = PBXFileReference; lastKnownFileType = "wrapper.pb-project"; path = iosApp.xcodeproj; sourceTree = "<group>"; };
		2EEB581A30483F880087959C /* iosApp.xcodeproj */ = {isa = PBXFileReference; lastKnownFileType = "wrapper.pb-project"; path = iosApp.xcodeproj; sourceTree = "<group>"; };
		D956FD5E37CBEB87E7ABFAA6 /* Mercury.app */ = {isa = PBXFileReference; explicitFileType = wrapper.application; includeInIndex = 0; path = Mercury.app; sourceTree = BUILT_PRODUCTS_DIR; };
/* End PBXFileReference section */

/* Begin PBXFileSystemSynchronizedBuildFileExceptionSet section */
		2EBC413A301349CE00540CB1 /* Exceptions for "Mercury" folder in "iosApp" target */ = {
			isa = PBXFileSystemSynchronizedBuildFileExceptionSet;
			membershipExceptions = (
				.gitignore,
				.gradle/9.5.0/checksums/checksums.lock,
				".gradle/9.5.0/checksums/md5-checksums.bin",
				".gradle/9.5.0/checksums/sha1-checksums.bin",
				.gradle/9.5.0/executionHistory/executionHistory.bin,
				.gradle/9.5.0/executionHistory/executionHistory.lock,
				.gradle/9.5.0/expanded/expanded.lock,
				".gradle/9.5.0/fileChanges/last-build.bin",
				.gradle/9.5.0/fileHashes/fileHashes.bin,
				.gradle/9.5.0/fileHashes/fileHashes.lock,
				.gradle/9.5.0/fileHashes/resourceHashesCache.bin,
				.gradle/9.5.0/gc.properties,
				".gradle/9.5.0/kotlin-dsl-plugin-entries/kotlin-dsl-plugin-entries.lock",
				.gradle/buildOutputCleanup/buildOutputCleanup.lock,
				.gradle/buildOutputCleanup/cache.properties,
				.gradle/buildOutputCleanup/outputFiles.bin,
				".gradle/file-system.probe",
				".gradle/vcs-1/gc.properties",
				.idea/.gitignore,
				.idea/AndroidProjectSystem.xml,
				.idea/caches/deviceStreaming.xml,
				.idea/gradle.xml,
				.idea/markdown.xml,
				.idea/misc.xml,
				.idea/runConfigurations.xml,
				.idea/vcs.xml,
				.idea/workspace.xml,
				androidApp/build.gradle.kts,
				androidApp/src/main/AndroidManifest.xml,
				androidApp/src/main/kotlin/app/mercury/activities/MainActivity.kt,
				androidApp/src/main/kotlin/app/mercury/ui/layouts/MainLayout.kt,
				androidApp/src/main/kotlin/app/mercury/ui/viewmodels/ProductViewModel.kt,
				"androidApp/src/main/res/drawable-v24/ic_launcher_foreground.xml",
				androidApp/src/main/res/drawable/catalog.xml,
				androidApp/src/main/res/drawable/contacts_menu.xml,
				androidApp/src/main/res/drawable/favorites.xml,
				androidApp/src/main/res/drawable/handshake.xml,
				androidApp/src/main/res/drawable/ic_launcher_background.xml,
				androidApp/src/main/res/drawable/menu.xml,
				androidApp/src/main/res/drawable/mercury.png,
				androidApp/src/main/res/drawable/open_catalog.xml,
				androidApp/src/main/res/drawable/search.xml,
				androidApp/src/main/res/drawable/shopping_cart.xml,
				"androidApp/src/main/res/mipmap-anydpi-v26/ic_launcher_round.xml",
				"androidApp/src/main/res/mipmap-anydpi-v26/ic_launcher.xml",
				"androidApp/src/main/res/mipmap-hdpi/ic_launcher_round.png",
				"androidApp/src/main/res/mipmap-hdpi/ic_launcher.png",
				"androidApp/src/main/res/mipmap-mdpi/ic_launcher_round.png",
				"androidApp/src/main/res/mipmap-mdpi/ic_launcher.png",
				"androidApp/src/main/res/mipmap-xhdpi/ic_launcher_round.png",
				"androidApp/src/main/res/mipmap-xhdpi/ic_launcher.png",
				"androidApp/src/main/res/mipmap-xxhdpi/ic_launcher_round.png",
				"androidApp/src/main/res/mipmap-xxhdpi/ic_launcher.png",
				"androidApp/src/main/res/mipmap-xxxhdpi/ic_launcher_round.png",
				"androidApp/src/main/res/mipmap-xxxhdpi/ic_launcher.png",
				androidApp/src/main/res/values/strings.xml,
				build.gradle.kts,
				"build/reports/problems/problems-report.html",
				gradle.properties,
				"gradle/gradle-daemon-jvm.properties",
				gradle/libs.versions.toml,
				"gradle/wrapper/gradle-wrapper.properties",
				gradlew,
				gradlew.bat,
				iosApp/Configuration/Config.xcconfig,
				iosApp/iosApp/Assets.xcassets,
				iosApp/iosApp/Info.plist,
				iosApp/iosApp/iOSApp.swift,
				"iosApp/iosApp/Preview Content/Preview Assets.xcassets",
				iosApp/iosApp/StartKoin.swift,
				iosApp/iosApp/ViewModifiers/ContactsMenuModifier.swift,
				iosApp/iosApp/ViewModifiers/MainToolbarMenuModifier.swift,
				iosApp/iosApp/Views/ContactsView.swift,
				iosApp/iosApp/Views/ContentView.swift,
				iosApp/iosApp/Views/FavoritesView.swift,
				iosApp/iosApp/Views/MainToolbar.swift,
				iosApp/iosApp/Views/MainView.swift,
				local.properties,
				README.md,
				settings.gradle.kts,
				shared/build.gradle.kts,
				shared/build/classes/kotlin/iosX64/main/klib/shared/default/ir_inlinable_functions/bodies.knb,
				shared/build/classes/kotlin/iosX64/main/klib/shared/default/ir_inlinable_functions/debugInfo.knd,
				shared/build/classes/kotlin/iosX64/main/klib/shared/default/ir_inlinable_functions/fileEntries.knf,
				shared/build/classes/kotlin/iosX64/main/klib/shared/default/ir_inlinable_functions/files.knf,
				shared/build/classes/kotlin/iosX64/main/klib/shared/default/ir_inlinable_functions/irDeclarations.knd,
				shared/build/classes/kotlin/iosX64/main/klib/shared/default/ir_inlinable_functions/signatures.knt,
				shared/build/classes/kotlin/iosX64/main/klib/shared/default/ir_inlinable_functions/strings.knt,
				shared/build/classes/kotlin/iosX64/main/klib/shared/default/ir_inlinable_functions/types.knt,
				shared/build/classes/kotlin/iosX64/main/klib/shared/default/ir/bodies.knb,
				shared/build/classes/kotlin/iosX64/main/klib/shared/default/ir/debugInfo.knd,
				shared/build/classes/kotlin/iosX64/main/klib/shared/default/ir/fileEntries.knf,
				shared/build/classes/kotlin/iosX64/main/klib/shared/default/ir/files.knf,
				shared/build/classes/kotlin/iosX64/main/klib/shared/default/ir/irDeclarations.knd,
				shared/build/classes/kotlin/iosX64/main/klib/shared/default/ir/signatures.knt,
				shared/build/classes/kotlin/iosX64/main/klib/shared/default/ir/strings.knt,
				shared/build/classes/kotlin/iosX64/main/klib/shared/default/ir/types.knt,
				shared/build/classes/kotlin/iosX64/main/klib/shared/default/linkdata/module,
				shared/build/classes/kotlin/iosX64/main/klib/shared/default/linkdata/package_app.mercury.data.local.database/0_database.knm,
				shared/build/classes/kotlin/iosX64/main/klib/shared/default/linkdata/package_app.mercury.data.local.database/1_database.knm,
				shared/build/classes/kotlin/iosX64/main/klib/shared/default/linkdata/package_app.mercury.data.local.database/2_database.knm,
				shared/build/classes/kotlin/iosX64/main/klib/shared/default/linkdata/package_app.mercury.data.local.database/3_database.knm,
				shared/build/classes/kotlin/iosX64/main/klib/shared/default/linkdata/package_app.mercury.data.local.database/4_database.knm,
				shared/build/classes/kotlin/iosX64/main/klib/shared/default/linkdata/package_app.mercury.data.local.database/5_database.knm,
				shared/build/classes/kotlin/iosX64/main/klib/shared/default/linkdata/package_app.mercury.data.local.database/6_database.knm,
				shared/build/classes/kotlin/iosX64/main/klib/shared/default/linkdata/package_app.mercury.data.local.entities/0_entities.knm,
				shared/build/classes/kotlin/iosX64/main/klib/shared/default/linkdata/package_app.mercury.di/0_di.knm,
				shared/build/classes/kotlin/iosX64/main/klib/shared/default/linkdata/package_app.mercury.di/1_di.knm,
				shared/build/classes/kotlin/iosX64/main/klib/shared/default/linkdata/package_app.mercury.ui/0_ui.knm,
				shared/build/classes/kotlin/iosX64/main/klib/shared/default/linkdata/package_app.mercury/0_mercury.knm,
				shared/build/classes/kotlin/iosX64/main/klib/shared/default/linkdata/package_app.mercury/1_mercury.knm,
				shared/build/classes/kotlin/iosX64/main/klib/shared/default/linkdata/package_app.mercury/2_mercury.knm,
				shared/build/classes/kotlin/iosX64/main/klib/shared/default/linkdata/package_app.mercury/3_mercury.knm,
				shared/build/classes/kotlin/iosX64/main/klib/shared/default/manifest,
				"shared/build/generated/compose/resourceGenerator/assembledResources/iosArm64Main/composeResources/app.mercury/drawable/compose-multiplatform.xml",
				"shared/build/generated/compose/resourceGenerator/assembledResources/iosSimulatorArm64Main/composeResources/app.mercury/drawable/compose-multiplatform.xml",
				"shared/build/generated/compose/resourceGenerator/assembledResources/iosX64Main/composeResources/app.mercury/drawable/compose-multiplatform.xml",
				"shared/build/generated/compose/resourceGenerator/preparedResources/commonMain/composeResources/drawable/compose-multiplatform.xml",
				shared/build/konan.txt,
				"shared/build/kotlin-multiplatform-resources/aggregated-resources/iosArm64/composeResources/app.mercury/drawable/compose-multiplatform.xml",
				"shared/build/kotlin-multiplatform-resources/aggregated-resources/iosSimulatorArm64/composeResources/app.mercury/drawable/compose-multiplatform.xml",
				"shared/build/kotlin-multiplatform-resources/aggregated-resources/iosX64/composeResources/app.mercury/drawable/compose-multiplatform.xml",
				"shared/build/kotlin-multiplatform-resources/assemble-hierarchically/iosArm64ResolveSelfResources/composeResources/app.mercury/drawable/compose-multiplatform.xml",
				"shared/build/kotlin-multiplatform-resources/assemble-hierarchically/iosSimulatorArm64ResolveSelfResources/composeResources/app.mercury/drawable/compose-multiplatform.xml",
				"shared/build/kotlin-multiplatform-resources/assemble-hierarchically/iosX64ResolveSelfResources/composeResources/app.mercury/drawable/compose-multiplatform.xml",
				"shared/build/skie/binaries/debugFramework/DEBUG/iosX64/analytics/common-compiler-configuration.json",
				"shared/build/skie/binaries/debugFramework/DEBUG/iosX64/analytics/compiler-environment.json",
				shared/build/skie/binaries/debugFramework/DEBUG/iosX64/analytics/git.json,
				"shared/build/skie/binaries/debugFramework/DEBUG/iosX64/analytics/gradle-environment.json",
				"shared/build/skie/binaries/debugFramework/DEBUG/iosX64/analytics/gradle-performance.json",
				shared/build/skie/binaries/debugFramework/DEBUG/iosX64/analytics/hardware.json,
				shared/build/skie/binaries/debugFramework/DEBUG/iosX64/analytics/modules.json,
				shared/build/skie/binaries/debugFramework/DEBUG/iosX64/analytics/project.json,
				"shared/build/skie/binaries/debugFramework/DEBUG/iosX64/analytics/skie-configuration.json",
				"shared/build/skie/binaries/debugFramework/DEBUG/iosX64/analytics/skie-performance.json",
				"shared/build/skie/binaries/debugFramework/DEBUG/iosX64/analytics/specific-compiler-configuration.json",
				"shared/build/skie/binaries/debugFramework/DEBUG/iosX64/cache/kotlin-framework/shared.framework",
				"shared/build/skie/binaries/debugFramework/DEBUG/iosX64/cache/swift-module-cache/_Builtin_float-QSDS93NRLP7P.swiftmodule",
				"shared/build/skie/binaries/debugFramework/DEBUG/iosX64/cache/swift-module-cache/_Concurrency-1OWVMYXMOUCBD.swiftmodule",
				"shared/build/skie/binaries/debugFramework/DEBUG/iosX64/cache/swift-module-cache/_DarwinFoundation1-WWMLL9N0SOQZ.swiftmodule",
				"shared/build/skie/binaries/debugFramework/DEBUG/iosX64/cache/swift-module-cache/_DarwinFoundation2-40BI7GRB05II.swiftmodule",
				"shared/build/skie/binaries/debugFramework/DEBUG/iosX64/cache/swift-module-cache/_DarwinFoundation3-22BXGXJFHZDB4.swiftmodule",
				"shared/build/skie/binaries/debugFramework/DEBUG/iosX64/cache/swift-module-cache/_StringProcessing-3UX39MP3JLKY4.swiftmodule",
				"shared/build/skie/binaries/debugFramework/DEBUG/iosX64/cache/swift-module-cache/3FERQ6UHUZNBI/_AvailabilityInternal-1VVNCHK8CCI1.pcm",
				"shared/build/skie/binaries/debugFramework/DEBUG/iosX64/cache/swift-module-cache/3FERQ6UHUZNBI/_Builtin_float-2OQWMRBVRD4OJ.pcm",
				"shared/build/skie/binaries/debugFramework/DEBUG/iosX64/cache/swift-module-cache/3FERQ6UHUZNBI/_Builtin_inttypes-2OQWMRBVRD4OJ.pcm",
				"shared/build/skie/binaries/debugFramework/DEBUG/iosX64/cache/swift-module-cache/3FERQ6UHUZNBI/_Builtin_limits-2OQWMRBVRD4OJ.pcm",
				"shared/build/skie/binaries/debugFramework/DEBUG/iosX64/cache/swift-module-cache/3FERQ6UHUZNBI/_Builtin_stdarg-2OQWMRBVRD4OJ.pcm",
				"shared/build/skie/binaries/debugFramework/DEBUG/iosX64/cache/swift-module-cache/3FERQ6UHUZNBI/_Builtin_stdbool-2OQWMRBVRD4OJ.pcm",
				"shared/build/skie/binaries/debugFramework/DEBUG/iosX64/cache/swift-module-cache/3FERQ6UHUZNBI/_Builtin_stddef-2OQWMRBVRD4OJ.pcm",
				"shared/build/skie/binaries/debugFramework/DEBUG/iosX64/cache/swift-module-cache/3FERQ6UHUZNBI/_Builtin_stdint-2OQWMRBVRD4OJ.pcm",
				"shared/build/skie/binaries/debugFramework/DEBUG/iosX64/cache/swift-module-cache/3FERQ6UHUZNBI/_DarwinFoundation1-1VVNCHK8CCI1.pcm",
				"shared/build/skie/binaries/debugFramework/DEBUG/iosX64/cache/swift-module-cache/3FERQ6UHUZNBI/_DarwinFoundation2-VWZR1UH1FZG0.pcm",
				"shared/build/skie/binaries/debugFramework/DEBUG/iosX64/cache/swift-module-cache/3FERQ6UHUZNBI/_DarwinFoundation3-15DVCJU77XYIF.pcm",
				"shared/build/skie/binaries/debugFramework/DEBUG/iosX64/cache/swift-module-cache/3FERQ6UHUZNBI/_SwiftConcurrencyShims-ETMZL06LU75E.pcm",
				"shared/build/skie/binaries/debugFramework/DEBUG/iosX64/cache/swift-module-cache/3FERQ6UHUZNBI/CFNetwork-3MVTA3VYEJCA3.pcm",
				"shared/build/skie/binaries/debugFramework/DEBUG/iosX64/cache/swift-module-cache/3FERQ6UHUZNBI/CoreFoundation-3PRXEYCYTZ0ZF.pcm",
				"shared/build/skie/binaries/debugFramework/DEBUG/iosX64/cache/swift-module-cache/3FERQ6UHUZNBI/Darwin-3OSIGR9MJU32L.pcm",
				"shared/build/skie/binaries/debugFramework/DEBUG/iosX64/cache/swift-module-cache/3FERQ6UHUZNBI/Dispatch-D5NPGC7AJE6P.pcm",
				"shared/build/skie/binaries/debugFramework/DEBUG/iosX64/cache/swift-module-cache/3FERQ6UHUZNBI/Foundation-2D6I54GZO0EPV.pcm",
				"shared/build/skie/binaries/debugFramework/DEBUG/iosX64/cache/swift-module-cache/3FERQ6UHUZNBI/ObjectiveC-2PWORDSQEHK5X.pcm",
				"shared/build/skie/binaries/debugFramework/DEBUG/iosX64/cache/swift-module-cache/3FERQ6UHUZNBI/os_object-35YBQJQ2YC966.pcm",
				"shared/build/skie/binaries/debugFramework/DEBUG/iosX64/cache/swift-module-cache/3FERQ6UHUZNBI/os_workgroup-35YBQJQ2YC966.pcm",
				"shared/build/skie/binaries/debugFramework/DEBUG/iosX64/cache/swift-module-cache/3FERQ6UHUZNBI/ptrauth-2OQWMRBVRD4OJ.pcm",
				"shared/build/skie/binaries/debugFramework/DEBUG/iosX64/cache/swift-module-cache/3FERQ6UHUZNBI/ptrcheck-2OQWMRBVRD4OJ.pcm",
				"shared/build/skie/binaries/debugFramework/DEBUG/iosX64/cache/swift-module-cache/3FERQ6UHUZNBI/Security-4T9WYUES29A1.pcm",
				"shared/build/skie/binaries/debugFramework/DEBUG/iosX64/cache/swift-module-cache/3FERQ6UHUZNBI/shared-12DE93Q7L6TUS.pcm",
				"shared/build/skie/binaries/debugFramework/DEBUG/iosX64/cache/swift-module-cache/3FERQ6UHUZNBI/SwiftShims-ETMZL06LU75E.pcm",
				"shared/build/skie/binaries/debugFramework/DEBUG/iosX64/cache/swift-module-cache/3FERQ6UHUZNBI/sys_types-VWZR1UH1FZG0.pcm",
				"shared/build/skie/binaries/debugFramework/DEBUG/iosX64/cache/swift-module-cache/3FERQ6UHUZNBI/XPC-1VUX2ZXXZNY4I.pcm",
				"shared/build/skie/binaries/debugFramework/DEBUG/iosX64/cache/swift-module-cache/Combine-1YZ3HJLL74YC0.swiftmodule",
				"shared/build/skie/binaries/debugFramework/DEBUG/iosX64/cache/swift-module-cache/CoreFoundation-1HCGH7Q1ZNDSX.swiftmodule",
				"shared/build/skie/binaries/debugFramework/DEBUG/iosX64/cache/swift-module-cache/Darwin-1WN6A9OJW9KBG.swiftmodule",
				"shared/build/skie/binaries/debugFramework/DEBUG/iosX64/cache/swift-module-cache/Dispatch-1K3EWJKQ84JYN.swiftmodule",
				"shared/build/skie/binaries/debugFramework/DEBUG/iosX64/cache/swift-module-cache/Foundation-3TM45CWWC5H27.swiftmodule",
				"shared/build/skie/binaries/debugFramework/DEBUG/iosX64/cache/swift-module-cache/modules.timestamp",
				"shared/build/skie/binaries/debugFramework/DEBUG/iosX64/cache/swift-module-cache/ObjectiveC-238EQDQPTBFW4.swiftmodule",
				"shared/build/skie/binaries/debugFramework/DEBUG/iosX64/cache/swift-module-cache/Observation-32CGSGL9I33ZA.swiftmodule",
				"shared/build/skie/binaries/debugFramework/DEBUG/iosX64/cache/swift-module-cache/Swift-2ARMRI7I4LNRP.swiftmodule",
				"shared/build/skie/binaries/debugFramework/DEBUG/iosX64/cache/swift-module-cache/SwiftOnoneSupport-30C79ZIUIY2O1.swiftmodule",
				"shared/build/skie/binaries/debugFramework/DEBUG/iosX64/cache/swift-module-cache/System-3HUQUJF159M2M.swiftmodule",
				"shared/build/skie/binaries/debugFramework/DEBUG/iosX64/cache/swift-module-cache/XPC-2M8KSTZSH3AOZ.swiftmodule",
				shared/build/skie/binaries/debugFramework/DEBUG/iosX64/configuration.json,
				shared/build/skie/binaries/debugFramework/DEBUG/iosX64/debug/logs/swiftc.log,
				"shared/build/skie/binaries/debugFramework/DEBUG/iosX64/swift-compiler/config/OutputFileMap.json",
				"shared/build/skie/binaries/debugFramework/DEBUG/iosX64/swift-compiler/config/shared.SwiftFileList",
				"shared/build/skie/binaries/debugFramework/DEBUG/iosX64/swift-compiler/headers/shared.abi.json",
				"shared/build/skie/binaries/debugFramework/DEBUG/iosX64/swift-compiler/headers/shared.swiftdoc",
				"shared/build/skie/binaries/debugFramework/DEBUG/iosX64/swift-compiler/headers/shared.swiftmodule",
				"shared/build/skie/binaries/debugFramework/DEBUG/iosX64/swift-compiler/headers/shared.swiftsourceinfo",
				"shared/build/skie/binaries/debugFramework/DEBUG/iosX64/swift-compiler/module/shared.priors",
				"shared/build/skie/binaries/debugFramework/DEBUG/iosX64/swift-compiler/object-files/KoinCore.Kind.o",
				"shared/build/skie/binaries/debugFramework/DEBUG/iosX64/swift-compiler/object-files/KoinCore.Kind.swiftdeps",
				"shared/build/skie/binaries/debugFramework/DEBUG/iosX64/swift-compiler/object-files/KoinCore.Level.o",
				"shared/build/skie/binaries/debugFramework/DEBUG/iosX64/swift-compiler/object-files/KoinCore.Level.swiftdeps",
				"shared/build/skie/binaries/debugFramework/DEBUG/iosX64/swift-compiler/object-files/KotlinxCoroutinesCore.Flow.o",
				"shared/build/skie/binaries/debugFramework/DEBUG/iosX64/swift-compiler/object-files/KotlinxCoroutinesCore.Flow.swiftdeps",
				"shared/build/skie/binaries/debugFramework/DEBUG/iosX64/swift-compiler/object-files/KotlinxCoroutinesCore.FlowCollector.o",
				"shared/build/skie/binaries/debugFramework/DEBUG/iosX64/swift-compiler/object-files/KotlinxCoroutinesCore.FlowCollector.swiftdeps",
				"shared/build/skie/binaries/debugFramework/DEBUG/iosX64/swift-compiler/object-files/KotlinxCoroutinesCore.Job.o",
				"shared/build/skie/binaries/debugFramework/DEBUG/iosX64/swift-compiler/object-files/KotlinxCoroutinesCore.Job.swiftdeps",
				"shared/build/skie/binaries/debugFramework/DEBUG/iosX64/swift-compiler/object-files/KotlinxCoroutinesCore.SelectClause.o",
				"shared/build/skie/binaries/debugFramework/DEBUG/iosX64/swift-compiler/object-files/KotlinxCoroutinesCore.SelectClause.swiftdeps",
				"shared/build/skie/binaries/debugFramework/DEBUG/iosX64/swift-compiler/object-files/KotlinxCoroutinesCore.SelectClause0.o",
				"shared/build/skie/binaries/debugFramework/DEBUG/iosX64/swift-compiler/object-files/KotlinxCoroutinesCore.SelectClause0.swiftdeps",
				"shared/build/skie/binaries/debugFramework/DEBUG/iosX64/swift-compiler/object-files/KotlinxCoroutinesCore.SelectClause1.o",
				"shared/build/skie/binaries/debugFramework/DEBUG/iosX64/swift-compiler/object-files/KotlinxCoroutinesCore.SelectClause1.swiftdeps",
				"shared/build/skie/binaries/debugFramework/DEBUG/iosX64/swift-compiler/object-files/KotlinxCoroutinesCore.SelectClause2.o",
				"shared/build/skie/binaries/debugFramework/DEBUG/iosX64/swift-compiler/object-files/KotlinxCoroutinesCore.SelectClause2.swiftdeps",
				"shared/build/skie/binaries/debugFramework/DEBUG/iosX64/swift-compiler/object-files/KotlinxCoroutinesCore.SelectInstance.o",
				"shared/build/skie/binaries/debugFramework/DEBUG/iosX64/swift-compiler/object-files/KotlinxCoroutinesCore.SelectInstance.swiftdeps",
				"shared/build/skie/binaries/debugFramework/DEBUG/iosX64/swift-compiler/object-files/KotlinxIoCore.Sink.o",
				"shared/build/skie/binaries/debugFramework/DEBUG/iosX64/swift-compiler/object-files/KotlinxIoCore.Sink.swiftdeps",
				"shared/build/skie/binaries/debugFramework/DEBUG/iosX64/swift-compiler/object-files/KotlinxIoCore.Source.o",
				"shared/build/skie/binaries/debugFramework/DEBUG/iosX64/swift-compiler/object-files/KotlinxIoCore.Source.swiftdeps",
				"shared/build/skie/binaries/debugFramework/DEBUG/iosX64/swift-compiler/object-files/KotlinxSerializationCore.PolymorphicKind.o",
				"shared/build/skie/binaries/debugFramework/DEBUG/iosX64/swift-compiler/object-files/KotlinxSerializationCore.PolymorphicKind.swiftdeps",
				"shared/build/skie/binaries/debugFramework/DEBUG/iosX64/swift-compiler/object-files/KotlinxSerializationCore.PrimitiveKind.o",
				"shared/build/skie/binaries/debugFramework/DEBUG/iosX64/swift-compiler/object-files/KotlinxSerializationCore.PrimitiveKind.swiftdeps",
				"shared/build/skie/binaries/debugFramework/DEBUG/iosX64/swift-compiler/object-files/KotlinxSerializationCore.SerializersModule.o",
				"shared/build/skie/binaries/debugFramework/DEBUG/iosX64/swift-compiler/object-files/KotlinxSerializationCore.SerializersModule.swiftdeps",
				"shared/build/skie/binaries/debugFramework/DEBUG/iosX64/swift-compiler/object-files/KotlinxSerializationCore.SerialKind.o",
				"shared/build/skie/binaries/debugFramework/DEBUG/iosX64/swift-compiler/object-files/KotlinxSerializationCore.SerialKind.swiftdeps",
				"shared/build/skie/binaries/debugFramework/DEBUG/iosX64/swift-compiler/object-files/KotlinxSerializationCore.StructureKind.o",
				"shared/build/skie/binaries/debugFramework/DEBUG/iosX64/swift-compiler/object-files/KotlinxSerializationCore.StructureKind.swiftdeps",
				"shared/build/skie/binaries/debugFramework/DEBUG/iosX64/swift-compiler/object-files/KtorClientCore.HttpClientCall.o",
				"shared/build/skie/binaries/debugFramework/DEBUG/iosX64/swift-compiler/object-files/KtorClientCore.HttpClientCall.swiftdeps",
				"shared/build/skie/binaries/debugFramework/DEBUG/iosX64/swift-compiler/object-files/KtorClientCore.HttpClientEngine.o",
				"shared/build/skie/binaries/debugFramework/DEBUG/iosX64/swift-compiler/object-files/KtorClientCore.HttpClientEngine.swiftdeps",
				"shared/build/skie/binaries/debugFramework/DEBUG/iosX64/swift-compiler/object-files/KtorHttp.OutgoingContent.o",
				"shared/build/skie/binaries/debugFramework/DEBUG/iosX64/swift-compiler/object-files/KtorHttp.OutgoingContent.ProtocolUpgrade.o",
				"shared/build/skie/binaries/debugFramework/DEBUG/iosX64/swift-compiler/object-files/KtorHttp.OutgoingContent.ProtocolUpgrade.swiftdeps",
				"shared/build/skie/binaries/debugFramework/DEBUG/iosX64/swift-compiler/object-files/KtorHttp.OutgoingContent.swiftdeps",
				"shared/build/skie/binaries/debugFramework/DEBUG/iosX64/swift-compiler/object-files/KtorHttp.OutgoingContent.WriteChannelContent.o",
				"shared/build/skie/binaries/debugFramework/DEBUG/iosX64/swift-compiler/object-files/KtorHttp.OutgoingContent.WriteChannelContent.swiftdeps",
				"shared/build/skie/binaries/debugFramework/DEBUG/iosX64/swift-compiler/object-files/KtorIo.ByteReadChannel.o",
				"shared/build/skie/binaries/debugFramework/DEBUG/iosX64/swift-compiler/object-files/KtorIo.ByteReadChannel.swiftdeps",
				"shared/build/skie/binaries/debugFramework/DEBUG/iosX64/swift-compiler/object-files/KtorIo.ByteWriteChannel.o",
				"shared/build/skie/binaries/debugFramework/DEBUG/iosX64/swift-compiler/object-files/KtorIo.ByteWriteChannel.swiftdeps",
				"shared/build/skie/binaries/debugFramework/DEBUG/iosX64/swift-compiler/object-files/KtorUtils.Month.o",
				"shared/build/skie/binaries/debugFramework/DEBUG/iosX64/swift-compiler/object-files/KtorUtils.Month.swiftdeps",
				"shared/build/skie/binaries/debugFramework/DEBUG/iosX64/swift-compiler/object-files/KtorUtils.Pipeline.o",
				"shared/build/skie/binaries/debugFramework/DEBUG/iosX64/swift-compiler/object-files/KtorUtils.Pipeline.swiftdeps",
				"shared/build/skie/binaries/debugFramework/DEBUG/iosX64/swift-compiler/object-files/KtorUtils.WeekDay.o",
				"shared/build/skie/binaries/debugFramework/DEBUG/iosX64/swift-compiler/object-files/KtorUtils.WeekDay.swiftdeps",
				"shared/build/skie/binaries/debugFramework/DEBUG/iosX64/swift-compiler/object-files/RoomRuntime.InvalidationTracker.o",
				"shared/build/skie/binaries/debugFramework/DEBUG/iosX64/swift-compiler/object-files/RoomRuntime.InvalidationTracker.swiftdeps",
				"shared/build/skie/binaries/debugFramework/DEBUG/iosX64/swift-compiler/object-files/RoomRuntime.RoomDatabase.JournalMode.o",
				"shared/build/skie/binaries/debugFramework/DEBUG/iosX64/swift-compiler/object-files/RoomRuntime.RoomDatabase.JournalMode.swiftdeps",
				"shared/build/skie/binaries/debugFramework/DEBUG/iosX64/swift-compiler/object-files/RoomRuntime.RoomDatabase.o",
				"shared/build/skie/binaries/debugFramework/DEBUG/iosX64/swift-compiler/object-files/RoomRuntime.RoomDatabase.swiftdeps",
				"shared/build/skie/binaries/debugFramework/DEBUG/iosX64/swift-compiler/object-files/Shared.HttpClient_iosKt.o",
				"shared/build/skie/binaries/debugFramework/DEBUG/iosX64/swift-compiler/object-files/Shared.HttpClient_iosKt.swiftdeps",
				"shared/build/skie/binaries/debugFramework/DEBUG/iosX64/swift-compiler/object-files/Shared.Platform_iosKt.o",
				"shared/build/skie/binaries/debugFramework/DEBUG/iosX64/swift-compiler/object-files/Shared.Platform_iosKt.swiftdeps",
				"shared/build/skie/binaries/debugFramework/DEBUG/iosX64/swift-compiler/object-files/Shared.ProductsDao.o",
				"shared/build/skie/binaries/debugFramework/DEBUG/iosX64/swift-compiler/object-files/Shared.ProductsDao.swiftdeps",
				"shared/build/skie/binaries/debugFramework/DEBUG/iosX64/swift-compiler/object-files/Shared.ProductsDatabase_iosKt.o",
				"shared/build/skie/binaries/debugFramework/DEBUG/iosX64/swift-compiler/object-files/Shared.ProductsDatabase_iosKt.swiftdeps",
				"shared/build/skie/binaries/debugFramework/DEBUG/iosX64/swift-compiler/object-files/Shared.ProductsModuleKt.o",
				"shared/build/skie/binaries/debugFramework/DEBUG/iosX64/swift-compiler/object-files/Shared.ProductsModuleKt.swiftdeps",
				"shared/build/skie/binaries/debugFramework/DEBUG/iosX64/swift-compiler/object-files/Skie.AsyncStreamDispatcherDelegate.o",
				"shared/build/skie/binaries/debugFramework/DEBUG/iosX64/swift-compiler/object-files/Skie.AsyncStreamDispatcherDelegate.swiftdeps",
				"shared/build/skie/binaries/debugFramework/DEBUG/iosX64/swift-compiler/object-files/Skie.bridgeSubscriptionCount.o",
				"shared/build/skie/binaries/debugFramework/DEBUG/iosX64/swift-compiler/object-files/Skie.bridgeSubscriptionCount.swiftdeps",
				"shared/build/skie/binaries/debugFramework/DEBUG/iosX64/swift-compiler/object-files/Skie.FlowConversions.o",
				"shared/build/skie/binaries/debugFramework/DEBUG/iosX64/swift-compiler/object-files/Skie.FlowConversions.swiftdeps",
				"shared/build/skie/binaries/debugFramework/DEBUG/iosX64/swift-compiler/object-files/Skie.Namespace.o",
				"shared/build/skie/binaries/debugFramework/DEBUG/iosX64/swift-compiler/object-files/Skie.Namespace.swiftdeps",
				"shared/build/skie/binaries/debugFramework/DEBUG/iosX64/swift-compiler/object-files/Skie.Skie_SuspendResult.o",
				"shared/build/skie/binaries/debugFramework/DEBUG/iosX64/swift-compiler/object-files/Skie.Skie_SuspendResult.swiftdeps",
				"shared/build/skie/binaries/debugFramework/DEBUG/iosX64/swift-compiler/object-files/Skie.SkieColdFlowIterator.o",
				"shared/build/skie/binaries/debugFramework/DEBUG/iosX64/swift-compiler/object-files/Skie.SkieColdFlowIterator.swiftdeps",
				"shared/build/skie/binaries/debugFramework/DEBUG/iosX64/swift-compiler/object-files/Skie.SkieSwiftFlow.o",
				"shared/build/skie/binaries/debugFramework/DEBUG/iosX64/swift-compiler/object-files/Skie.SkieSwiftFlow.swiftdeps",
				"shared/build/skie/binaries/debugFramework/DEBUG/iosX64/swift-compiler/object-files/Skie.SkieSwiftFlowIterator.o",
				"shared/build/skie/binaries/debugFramework/DEBUG/iosX64/swift-compiler/object-files/Skie.SkieSwiftFlowIterator.swiftdeps",
				"shared/build/skie/binaries/debugFramework/DEBUG/iosX64/swift-compiler/object-files/Skie.SkieSwiftFlowProtocol.o",
				"shared/build/skie/binaries/debugFramework/DEBUG/iosX64/swift-compiler/object-files/Skie.SkieSwiftFlowProtocol.swiftdeps",
				"shared/build/skie/binaries/debugFramework/DEBUG/iosX64/swift-compiler/object-files/Skie.SkieSwiftMutableSharedFlow.o",
				"shared/build/skie/binaries/debugFramework/DEBUG/iosX64/swift-compiler/object-files/Skie.SkieSwiftMutableSharedFlow.swiftdeps",
				"shared/build/skie/binaries/debugFramework/DEBUG/iosX64/swift-compiler/object-files/Skie.SkieSwiftMutableStateFlow.o",
				"shared/build/skie/binaries/debugFramework/DEBUG/iosX64/swift-compiler/object-files/Skie.SkieSwiftMutableStateFlow.swiftdeps",
				"shared/build/skie/binaries/debugFramework/DEBUG/iosX64/swift-compiler/object-files/Skie.SkieSwiftOptionalFlow.o",
				"shared/build/skie/binaries/debugFramework/DEBUG/iosX64/swift-compiler/object-files/Skie.SkieSwiftOptionalFlow.swiftdeps",
				"shared/build/skie/binaries/debugFramework/DEBUG/iosX64/swift-compiler/object-files/Skie.SkieSwiftOptionalMutableSharedFlow.o",
				"shared/build/skie/binaries/debugFramework/DEBUG/iosX64/swift-compiler/object-files/Skie.SkieSwiftOptionalMutableSharedFlow.swiftdeps",
				"shared/build/skie/binaries/debugFramework/DEBUG/iosX64/swift-compiler/object-files/Skie.SkieSwiftOptionalMutableStateFlow.o",
				"shared/build/skie/binaries/debugFramework/DEBUG/iosX64/swift-compiler/object-files/Skie.SkieSwiftOptionalMutableStateFlow.swiftdeps",
				"shared/build/skie/binaries/debugFramework/DEBUG/iosX64/swift-compiler/object-files/Skie.SkieSwiftOptionalSharedFlow.o",
				"shared/build/skie/binaries/debugFramework/DEBUG/iosX64/swift-compiler/object-files/Skie.SkieSwiftOptionalSharedFlow.swiftdeps",
				"shared/build/skie/binaries/debugFramework/DEBUG/iosX64/swift-compiler/object-files/Skie.SkieSwiftOptionalStateFlow.o",
				"shared/build/skie/binaries/debugFramework/DEBUG/iosX64/swift-compiler/object-files/Skie.SkieSwiftOptionalStateFlow.swiftdeps",
				"shared/build/skie/binaries/debugFramework/DEBUG/iosX64/swift-compiler/object-files/Skie.SkieSwiftSharedFlow.o",
				"shared/build/skie/binaries/debugFramework/DEBUG/iosX64/swift-compiler/object-files/Skie.SkieSwiftSharedFlow.swiftdeps",
				"shared/build/skie/binaries/debugFramework/DEBUG/iosX64/swift-compiler/object-files/Skie.SkieSwiftStateFlow.o",
				"shared/build/skie/binaries/debugFramework/DEBUG/iosX64/swift-compiler/object-files/Skie.SkieSwiftStateFlow.swiftdeps",
				"shared/build/skie/binaries/debugFramework/DEBUG/iosX64/swift-compiler/object-files/Skie.SwiftCoroutineDispatcher.o",
				"shared/build/skie/binaries/debugFramework/DEBUG/iosX64/swift-compiler/object-files/Skie.SwiftCoroutineDispatcher.swiftdeps",
				"shared/build/skie/binaries/debugFramework/DEBUG/iosX64/swift-compiler/object-files/Stdlib.KVariance.o",
				"shared/build/skie/binaries/debugFramework/DEBUG/iosX64/swift-compiler/object-files/Stdlib.KVariance.swiftdeps",
				"shared/build/skie/binaries/debugFramework/DEBUG/iosX64/swift-compiler/object-files/Stdlib.LazyThreadSafetyMode.o",
				"shared/build/skie/binaries/debugFramework/DEBUG/iosX64/swift-compiler/object-files/Stdlib.LazyThreadSafetyMode.swiftdeps",
				"shared/build/skie/binaries/debugFramework/DEBUG/iosX64/swift-compiler/object-files/Stdlib.SuspendFunction1.o",
				"shared/build/skie/binaries/debugFramework/DEBUG/iosX64/swift-compiler/object-files/Stdlib.SuspendFunction1.swiftdeps",
				"shared/build/skie/binaries/debugFramework/DEBUG/iosX64/swift-compiler/object-files/Stdlib.SuspendFunction2.o",
				"shared/build/skie/binaries/debugFramework/DEBUG/iosX64/swift-compiler/object-files/Stdlib.SuspendFunction2.swiftdeps",
				shared/build/skie/binaries/debugFramework/DEBUG/iosX64/swift/generated/KoinCore/KoinCore.Kind.swift,
				shared/build/skie/binaries/debugFramework/DEBUG/iosX64/swift/generated/KoinCore/KoinCore.Level.swift,
				shared/build/skie/binaries/debugFramework/DEBUG/iosX64/swift/generated/KotlinxCoroutinesCore/KotlinxCoroutinesCore.Flow.swift,
				shared/build/skie/binaries/debugFramework/DEBUG/iosX64/swift/generated/KotlinxCoroutinesCore/KotlinxCoroutinesCore.FlowCollector.swift,
				shared/build/skie/binaries/debugFramework/DEBUG/iosX64/swift/generated/KotlinxCoroutinesCore/KotlinxCoroutinesCore.Job.swift,
				shared/build/skie/binaries/debugFramework/DEBUG/iosX64/swift/generated/KotlinxCoroutinesCore/KotlinxCoroutinesCore.SelectClause.swift,
				shared/build/skie/binaries/debugFramework/DEBUG/iosX64/swift/generated/KotlinxCoroutinesCore/KotlinxCoroutinesCore.SelectClause0.swift,
				shared/build/skie/binaries/debugFramework/DEBUG/iosX64/swift/generated/KotlinxCoroutinesCore/KotlinxCoroutinesCore.SelectClause1.swift,
				shared/build/skie/binaries/debugFramework/DEBUG/iosX64/swift/generated/KotlinxCoroutinesCore/KotlinxCoroutinesCore.SelectClause2.swift,
				shared/build/skie/binaries/debugFramework/DEBUG/iosX64/swift/generated/KotlinxCoroutinesCore/KotlinxCoroutinesCore.SelectInstance.swift,
				shared/build/skie/binaries/debugFramework/DEBUG/iosX64/swift/generated/KotlinxIoCore/KotlinxIoCore.Sink.swift,
				shared/build/skie/binaries/debugFramework/DEBUG/iosX64/swift/generated/KotlinxIoCore/KotlinxIoCore.Source.swift,
				shared/build/skie/binaries/debugFramework/DEBUG/iosX64/swift/generated/KotlinxSerializationCore/KotlinxSerializationCore.PolymorphicKind.swift,
				shared/build/skie/binaries/debugFramework/DEBUG/iosX64/swift/generated/KotlinxSerializationCore/KotlinxSerializationCore.PrimitiveKind.swift,
				shared/build/skie/binaries/debugFramework/DEBUG/iosX64/swift/generated/KotlinxSerializationCore/KotlinxSerializationCore.SerializersModule.swift,
				shared/build/skie/binaries/debugFramework/DEBUG/iosX64/swift/generated/KotlinxSerializationCore/KotlinxSerializationCore.SerialKind.swift,
				shared/build/skie/binaries/debugFramework/DEBUG/iosX64/swift/generated/KotlinxSerializationCore/KotlinxSerializationCore.StructureKind.swift,
				shared/build/skie/binaries/debugFramework/DEBUG/iosX64/swift/generated/KtorClientCore/KtorClientCore.HttpClientCall.swift,
				shared/build/skie/binaries/debugFramework/DEBUG/iosX64/swift/generated/KtorClientCore/KtorClientCore.HttpClientEngine.swift,
				shared/build/skie/binaries/debugFramework/DEBUG/iosX64/swift/generated/KtorHttp/KtorHttp.OutgoingContent.ProtocolUpgrade.swift,
				shared/build/skie/binaries/debugFramework/DEBUG/iosX64/swift/generated/KtorHttp/KtorHttp.OutgoingContent.swift,
				shared/build/skie/binaries/debugFramework/DEBUG/iosX64/swift/generated/KtorHttp/KtorHttp.OutgoingContent.WriteChannelContent.swift,
				shared/build/skie/binaries/debugFramework/DEBUG/iosX64/swift/generated/KtorIo/KtorIo.ByteReadChannel.swift,
				shared/build/skie/binaries/debugFramework/DEBUG/iosX64/swift/generated/KtorIo/KtorIo.ByteWriteChannel.swift,
				shared/build/skie/binaries/debugFramework/DEBUG/iosX64/swift/generated/KtorUtils/KtorUtils.Month.swift,
				shared/build/skie/binaries/debugFramework/DEBUG/iosX64/swift/generated/KtorUtils/KtorUtils.Pipeline.swift,
				shared/build/skie/binaries/debugFramework/DEBUG/iosX64/swift/generated/KtorUtils/KtorUtils.WeekDay.swift,
				shared/build/skie/binaries/debugFramework/DEBUG/iosX64/swift/generated/RoomRuntime/RoomRuntime.InvalidationTracker.swift,
				shared/build/skie/binaries/debugFramework/DEBUG/iosX64/swift/generated/RoomRuntime/RoomRuntime.RoomDatabase.JournalMode.swift,
				shared/build/skie/binaries/debugFramework/DEBUG/iosX64/swift/generated/RoomRuntime/RoomRuntime.RoomDatabase.swift,
				shared/build/skie/binaries/debugFramework/DEBUG/iosX64/swift/generated/Shared/Shared.HttpClient_iosKt.swift,
				shared/build/skie/binaries/debugFramework/DEBUG/iosX64/swift/generated/Shared/Shared.Platform_iosKt.swift,
				shared/build/skie/binaries/debugFramework/DEBUG/iosX64/swift/generated/Shared/Shared.ProductsDao.swift,
				shared/build/skie/binaries/debugFramework/DEBUG/iosX64/swift/generated/Shared/Shared.ProductsDatabase_iosKt.swift,
				shared/build/skie/binaries/debugFramework/DEBUG/iosX64/swift/generated/Shared/Shared.ProductsModuleKt.swift,
				shared/build/skie/binaries/debugFramework/DEBUG/iosX64/swift/generated/Skie/Skie.AsyncStreamDispatcherDelegate.swift,
				shared/build/skie/binaries/debugFramework/DEBUG/iosX64/swift/generated/Skie/Skie.bridgeSubscriptionCount.swift,
				shared/build/skie/binaries/debugFramework/DEBUG/iosX64/swift/generated/Skie/Skie.FlowConversions.swift,
				shared/build/skie/binaries/debugFramework/DEBUG/iosX64/swift/generated/Skie/Skie.Namespace.swift,
				shared/build/skie/binaries/debugFramework/DEBUG/iosX64/swift/generated/Skie/Skie.Skie_SuspendResult.swift,
				shared/build/skie/binaries/debugFramework/DEBUG/iosX64/swift/generated/Skie/Skie.SkieColdFlowIterator.swift,
				shared/build/skie/binaries/debugFramework/DEBUG/iosX64/swift/generated/Skie/Skie.SkieSwiftFlow.swift,
				shared/build/skie/binaries/debugFramework/DEBUG/iosX64/swift/generated/Skie/Skie.SkieSwiftFlowIterator.swift,
				shared/build/skie/binaries/debugFramework/DEBUG/iosX64/swift/generated/Skie/Skie.SkieSwiftFlowProtocol.swift,
				shared/build/skie/binaries/debugFramework/DEBUG/iosX64/swift/generated/Skie/Skie.SkieSwiftMutableSharedFlow.swift,
				shared/build/skie/binaries/debugFramework/DEBUG/iosX64/swift/generated/Skie/Skie.SkieSwiftMutableStateFlow.swift,
				shared/build/skie/binaries/debugFramework/DEBUG/iosX64/swift/generated/Skie/Skie.SkieSwiftOptionalFlow.swift,
				shared/build/skie/binaries/debugFramework/DEBUG/iosX64/swift/generated/Skie/Skie.SkieSwiftOptionalMutableSharedFlow.swift,
				shared/build/skie/binaries/debugFramework/DEBUG/iosX64/swift/generated/Skie/Skie.SkieSwiftOptionalMutableStateFlow.swift,
				shared/build/skie/binaries/debugFramework/DEBUG/iosX64/swift/generated/Skie/Skie.SkieSwiftOptionalSharedFlow.swift,
				shared/build/skie/binaries/debugFramework/DEBUG/iosX64/swift/generated/Skie/Skie.SkieSwiftOptionalStateFlow.swift,
				shared/build/skie/binaries/debugFramework/DEBUG/iosX64/swift/generated/Skie/Skie.SkieSwiftSharedFlow.swift,
				shared/build/skie/binaries/debugFramework/DEBUG/iosX64/swift/generated/Skie/Skie.SkieSwiftStateFlow.swift,
				shared/build/skie/binaries/debugFramework/DEBUG/iosX64/swift/generated/Skie/Skie.SwiftCoroutineDispatcher.swift,
				shared/build/skie/binaries/debugFramework/DEBUG/iosX64/swift/generated/Stdlib/Stdlib.KVariance.swift,
				shared/build/skie/binaries/debugFramework/DEBUG/iosX64/swift/generated/Stdlib/Stdlib.LazyThreadSafetyMode.swift,
				shared/build/skie/binaries/debugFramework/DEBUG/iosX64/swift/generated/Stdlib/Stdlib.SuspendFunction1.swift,
				shared/build/skie/binaries/debugFramework/DEBUG/iosX64/swift/generated/Stdlib/Stdlib.SuspendFunction2.swift,
				"shared/build/xcode-frameworks/Debug/iphonesimulator26.5/shared.framework",
				shared/src/androidMain/kotlin/app/mercury/AndroidApp.kt,
				shared/src/androidMain/kotlin/app/mercury/data/local/database/ProductsDatabase.android.kt,
				shared/src/androidMain/kotlin/app/mercury/di/HttpClient.android.kt,
				shared/src/androidMain/kotlin/app/mercury/Platform.android.kt,
				"shared/src/commonMain/composeResources/drawable/compose-multiplatform.xml",
				shared/src/commonMain/kotlin/app/mercury/App.kt,
				shared/src/commonMain/kotlin/app/mercury/data/local/database/ProductsDao.kt,
				shared/src/commonMain/kotlin/app/mercury/data/local/database/ProductsDatabase.kt,
				shared/src/commonMain/kotlin/app/mercury/data/local/database/ProductsRepository.kt,
				shared/src/commonMain/kotlin/app/mercury/data/local/entities/ProductEntity.kt,
				shared/src/commonMain/kotlin/app/mercury/di/ProductsModule.kt,
				shared/src/commonMain/kotlin/app/mercury/Platform.kt,
				shared/src/commonMain/kotlin/app/mercury/ui/ProductsInteractor.kt,
				shared/src/iosMain/kotlin/app/mercury/data/local/database/ProductsDatabase.ios.kt,
				shared/src/iosMain/kotlin/app/mercury/di/HttpClient.ios.kt,
				shared/src/iosMain/kotlin/app/mercury/MainViewController.kt,
				shared/src/iosMain/kotlin/app/mercury/Platform.ios.kt,
			);
			target = 474263D4B11B924EA02484E9 /* iosApp */;
		};
		3005C4B2DE26C774410B573E /* Exceptions for "iosApp" folder in "iosApp" target */ = {
			isa = PBXFileSystemSynchronizedBuildFileExceptionSet;
			membershipExceptions = (
				Info.plist,
				ViewModels/ProductsViewModel.swift,
				ViewModifiers/MainToolbarButton.swift,
				ViewModifiers/MainToolbarModifier.swift,
				Views/AboutView.swift,
				Views/CatalogView.swift,
				Views/QuestionsView.swift,
				Views/ShoppingCartView.swift,
			);
			target = 474263D4B11B924EA02484E9 /* iosApp */;
		};
/* End PBXFileSystemSynchronizedBuildFileExceptionSet section */

/* Begin PBXFileSystemSynchronizedRootGroup section */
		1D7E560A365C11CD1844009B /* Configuration */ = {
			isa = PBXFileSystemSynchronizedRootGroup;
			path = Configuration;
			sourceTree = "<group>";
		};
		2EFF2A1230112F7200C6790B /* Mercury */ = {
			isa = PBXFileSystemSynchronizedRootGroup;
			exceptions = (
				2EBC413A301349CE00540CB1 /* Exceptions for "Mercury" folder in "iosApp" target */,
			);
			name = Mercury;
			path = ..;
			sourceTree = "<group>";
		};
		6C1380251DACF10B2AAF3F95 /* iosApp */ = {
			isa = PBXFileSystemSynchronizedRootGroup;
			exceptions = (
				3005C4B2DE26C774410B573E /* Exceptions for "iosApp" folder in "iosApp" target */,
			);
			path = iosApp;
			sourceTree = "<group>";
		};
/* End PBXFileSystemSynchronizedRootGroup section */

/* Begin PBXFrameworksBuildPhase section */
		B181CA19BBEDF8FF379A0C84 /* Frameworks */ = {
			isa = PBXFrameworksBuildPhase;
			buildActionMask = 2147483647;
			files = (
			);
			runOnlyForDeploymentPostprocessing = 0;
		};
/* End PBXFrameworksBuildPhase section */

/* Begin PBXGroup section */
		2E0F45F030113C9100EC26A5 /* Products */ = {
			isa = PBXGroup;
			children = (
			);
			name = Products;
			sourceTree = "<group>";
		};
		2E0F45F230113C9100EC26A5 /* Products */ = {
			isa = PBXGroup;
			children = (
			);
			name = Products;
			sourceTree = "<group>";
		};
		2E0F45F430113C9100EC26A5 /* Products */ = {
			isa = PBXGroup;
			children = (
			);
			name = Products;
			sourceTree = "<group>";
		};
		2E0F45F630113C9100EC26A5 /* Products */ = {
			isa = PBXGroup;
			name = Products;
			sourceTree = "<group>";
		};
		2E249182301152AB000DC9BF /* Products */ = {
			isa = PBXGroup;
			children = (
			);
			name = Products;
			sourceTree = "<group>";
		};
		2E249184301152AB000DC9BF /* Products */ = {
			isa = PBXGroup;
			children = (
			);
			name = Products;
			sourceTree = "<group>";
		};
		2E249186301152AB000DC9BF /* Products */ = {
			isa = PBXGroup;
			children = (
			);
			name = Products;
			sourceTree = "<group>";
		};
		2E249188301152AB000DC9BF /* Products */ = {
			isa = PBXGroup;
			name = Products;
			sourceTree = "<group>";
		};
		2E24F7F730115CE100A62C0B /* Products */ = {
			isa = PBXGroup;
			children = (
			);
			name = Products;
			sourceTree = "<group>";
		};
		2E24F7F930115CE100A62C0B /* Products */ = {
			isa = PBXGroup;
			children = (
			);
			name = Products;
			sourceTree = "<group>";
		};
		2E24F7FB30115CE100A62C0B /* Products */ = {
			isa = PBXGroup;
			name = Products;
			sourceTree = "<group>";
		};
		2E24F7FD30115CE100A62C0B /* Products */ = {
			isa = PBXGroup;
			children = (
			);
			name = Products;
			sourceTree = "<group>";
		};
		2E2F536F30493E340003F98F /* Products */ = {
			isa = PBXGroup;
			name = Products;
			sourceTree = "<group>";
		};
		2E360ABE30113F0C002163FF /* Products */ = {
			isa = PBXGroup;
			name = Products;
			sourceTree = "<group>";
		};
		2E360AC030113F0C002163FF /* Products */ = {
			isa = PBXGroup;
			children = (
			);
			name = Products;
			sourceTree = "<group>";
		};
		2E360AC230113F0C002163FF /* Products */ = {
			isa = PBXGroup;
			children = (
			);
			name = Products;
			sourceTree = "<group>";
		};
		2E360AC430113F0C002163FF /* Products */ = {
			isa = PBXGroup;
			children = (
			);
			name = Products;
			sourceTree = "<group>";
		};
		2E3885F03025E3EA000555E0 /* Products */ = {
			isa = PBXGroup;
			name = Products;
			sourceTree = "<group>";
		};
		2E3BB058303F8D37001025A9 /* Products */ = {
			isa = PBXGroup;
			name = Products;
			sourceTree = "<group>";
		};
		2E3FE8953040A83200543B13 /* Products */ = {
			isa = PBXGroup;
			name = Products;
			sourceTree = "<group>";
		};
		2E453CB43011556A000E0AB6 /* Products */ = {
			isa = PBXGroup;
			children = (
			);
			name = Products;
			sourceTree = "<group>";
		};
		2E453CB63011556A000E0AB6 /* Products */ = {
			isa = PBXGroup;
			children = (
			);
			name = Products;
			sourceTree = "<group>";
		};
		2E453CB83011556A000E0AB6 /* Products */ = {
			isa = PBXGroup;
			children = (
			);
			name = Products;
			sourceTree = "<group>";
		};
		2E453CBA3011556A000E0AB6 /* Products */ = {
			isa = PBXGroup;
			name = Products;
			sourceTree = "<group>";
		};
		2E554AC23011411F00D8B116 /* Products */ = {
			isa = PBXGroup;
			children = (
			);
			name = Products;
			sourceTree = "<group>";
		};
		2E554AC43011411F00D8B116 /* Products */ = {
			isa = PBXGroup;
			name = Products;
			sourceTree = "<group>";
		};
		2E554AC63011411F00D8B116 /* Products */ = {
			isa = PBXGroup;
			children = (
			);
			name = Products;
			sourceTree = "<group>";
		};
		2E554AC83011411F00D8B116 /* Products */ = {
			isa = PBXGroup;
			children = (
			);
			name = Products;
			sourceTree = "<group>";
		};
		2E56EF1D304A8EDD00C77FAA /* Products */ = {
			isa = PBXGroup;
			name = Products;
			sourceTree = "<group>";
		};
		2E651A183011567000E4B3F6 /* Products */ = {
			isa = PBXGroup;
			children = (
			);
			name = Products;
			sourceTree = "<group>";
		};
		2E651A1A3011567000E4B3F6 /* Products */ = {
			isa = PBXGroup;
			name = Products;
			sourceTree = "<group>";
		};
		2E651A1C3011567000E4B3F6 /* Products */ = {
			isa = PBXGroup;
			children = (
			);
			name = Products;
			sourceTree = "<group>";
		};
		2E651A1E3011567000E4B3F6 /* Products */ = {
			isa = PBXGroup;
			children = (
			);
			name = Products;
			sourceTree = "<group>";
		};
		2E71E7763045A8A200278F2C /* Products */ = {
			isa = PBXGroup;
			name = Products;
			sourceTree = "<group>";
		};
		2E72F6D9303ACF20002CAB5F /* Products */ = {
			isa = PBXGroup;
			name = Products;
			sourceTree = "<group>";
		};
		2E79421E3031BE07007DE2A1 /* Products */ = {
			isa = PBXGroup;
			name = Products;
			sourceTree = "<group>";
		};
		2E88D95130121A52008A7446 /* Products */ = {
			isa = PBXGroup;
			children = (
			);
			name = Products;
			sourceTree = "<group>";
		};
		2E88D95330121A52008A7446 /* Products */ = {
			isa = PBXGroup;
			name = Products;
			sourceTree = "<group>";
		};
		2E88D95530121A52008A7446 /* Products */ = {
			isa = PBXGroup;
			children = (
			);
			name = Products;
			sourceTree = "<group>";
		};
		2E88D95730121A52008A7446 /* Products */ = {
			isa = PBXGroup;
			children = (
			);
			name = Products;
			sourceTree = "<group>";
		};
		2E8A4FBA3020BAD60038841A /* Products */ = {
			isa = PBXGroup;
			name = Products;
			sourceTree = "<group>";
		};
		2E8EA4E7301135E00039A83E /* Products */ = {
			isa = PBXGroup;
			name = Products;
			sourceTree = "<group>";
		};
		2E8EA4E9301135E00039A83E /* Products */ = {
			isa = PBXGroup;
			children = (
			);
			name = Products;
			sourceTree = "<group>";
		};
		2E8EA4EB301135E00039A83E /* Products */ = {
			isa = PBXGroup;
			children = (
			);
			name = Products;
			sourceTree = "<group>";
		};
		2E8EA4ED301135E00039A83E /* Products */ = {
			isa = PBXGroup;
			children = (
			);
			name = Products;
			sourceTree = "<group>";
		};
		2E92D76B302B396800836AEE /* Products */ = {
			isa = PBXGroup;
			name = Products;
			sourceTree = "<group>";
		};
		2EA33A6B3049A3A000C156A9 /* Products */ = {
			isa = PBXGroup;
			name = Products;
			sourceTree = "<group>";
		};
		2EAABD053044731A000914DF /* Products */ = {
			isa = PBXGroup;
			name = Products;
			sourceTree = "<group>";
		};
		2EB03D6B30399E84001B3A8C /* Products */ = {
			isa = PBXGroup;
			name = Products;
			sourceTree = "<group>";
		};
		2EB0B89C30318ACF0081A995 /* Products */ = {
			isa = PBXGroup;
			name = Products;
			sourceTree = "<group>";
		};
		2EB0BDCB30304CBA00FE865D /* Products */ = {
			isa = PBXGroup;
			name = Products;
			sourceTree = "<group>";
		};
		2EB1A1E530443BCB004B8A9C /* Products */ = {
			isa = PBXGroup;
			name = Products;
			sourceTree = "<group>";
		};
		2EB2413D303C1C6D003D7F4B /* Products */ = {
			isa = PBXGroup;
			name = Products;
			sourceTree = "<group>";
		};
		2EB286C5301136E7003901EF /* Products */ = {
			isa = PBXGroup;
			children = (
			);
			name = Products;
			sourceTree = "<group>";
		};
		2EB286C7301136E7003901EF /* Products */ = {
			isa = PBXGroup;
			children = (
			);
			name = Products;
			sourceTree = "<group>";
		};
		2EB286C9301136E7003901EF /* Products */ = {
			isa = PBXGroup;
			children = (
			);
			name = Products;
			sourceTree = "<group>";
		};
		2EB286CB301136E7003901EF /* Products */ = {
			isa = PBXGroup;
			name = Products;
			sourceTree = "<group>";
		};
		2EB345A73032F2EC00257568 /* Products */ = {
			isa = PBXGroup;
			name = Products;
			sourceTree = "<group>";
		};
		2EB45249301F02C500C816B8 /* Products */ = {
			isa = PBXGroup;
			name = Products;
			sourceTree = "<group>";
		};
		2EB452E0304172FE00CD1866 /* Products */ = {
			isa = PBXGroup;
			name = Products;
			sourceTree = "<group>";
		};
		2EB5428530208195007DDEFC /* Products */ = {
			isa = PBXGroup;
			name = Products;
			sourceTree = "<group>";
		};
		2EB5B9DE303D8B0B001CA2A1 /* Products */ = {
			isa = PBXGroup;
			name = Products;
			sourceTree = "<group>";
		};
		2EB88D5530381DD700AF0812 /* Products */ = {
			isa = PBXGroup;
			name = Products;
			sourceTree = "<group>";
		};
		2EB9989B3045451500E86162 /* Products */ = {
			isa = PBXGroup;
			name = Products;
			sourceTree = "<group>";
		};
		2EB9AF4130430EC100055E9E /* Products */ = {
			isa = PBXGroup;
			name = Products;
			sourceTree = "<group>";
		};
		2EBBC45C302EE9FB00E94228 /* Products */ = {
			isa = PBXGroup;
			name = Products;
			sourceTree = "<group>";
		};
		2EBC410C30132C0F00540CB1 /* Products */ = {
			isa = PBXGroup;
			name = Products;
			sourceTree = "<group>";
		};
		2EBC763830343C0200E100F2 /* Products */ = {
			isa = PBXGroup;
			name = Products;
			sourceTree = "<group>";
		};
		2EBCBBD23043E66A00876C53 /* Products */ = {
			isa = PBXGroup;
			name = Products;
			sourceTree = "<group>";
		};
		2EBE402030357D6F00AC7712 /* Products */ = {
			isa = PBXGroup;
			name = Products;
			sourceTree = "<group>";
		};
		2EBE82BF302E426D00BF5E29 /* Products */ = {
			isa = PBXGroup;
			name = Products;
			sourceTree = "<group>";
		};
		2EC6E40D304055EA001979F6 /* Products */ = {
			isa = PBXGroup;
			name = Products;
			sourceTree = "<group>";
		};
		2ED623203046B9B8007EE001 /* Products */ = {
			isa = PBXGroup;
			name = Products;
			sourceTree = "<group>";
		};
		2EDF563F30212CE600AC8391 /* Products */ = {
			isa = PBXGroup;
			name = Products;
			sourceTree = "<group>";
		};
		2EEB585630483F880087959C /* Products */ = {
			isa = PBXGroup;
			name = Products;
			sourceTree = "<group>";
		};
		35B6F3EC05248E5BA9CC7CA3 = {
			isa = PBXGroup;
			children = (
				1D7E560A365C11CD1844009B /* Configuration */,
				6C1380251DACF10B2AAF3F95 /* iosApp */,
				9577F1E47F0AEE137AD86CD1 /* Products */,
				2EFF2A1230112F7200C6790B /* Mercury */,
			);
			sourceTree = "<group>";
		};
		9577F1E47F0AEE137AD86CD1 /* Products */ = {
			isa = PBXGroup;
			children = (
				D956FD5E37CBEB87E7ABFAA6 /* Mercury.app */,
			);
			name = Products;
			sourceTree = "<group>";
		};
/* End PBXGroup section */

/* Begin PBXNativeTarget section */
		474263D4B11B924EA02484E9 /* iosApp */ = {
			isa = PBXNativeTarget;
			buildConfigurationList = D07C1CD17B077B0AD94EF601 /* Build configuration list for PBXNativeTarget "iosApp" */;
			buildPhases = (
				C0DDDD803BADCB61D62E3254 /* Compile Kotlin Framework */,
				E6F8E294131109DA44991EF6 /* Sources */,
				B181CA19BBEDF8FF379A0C84 /* Frameworks */,
				AE637D1E10C23CED8C1B9E58 /* Resources */,
			);
			buildRules = (
			);
			dependencies = (
			);
			fileSystemSynchronizedGroups = (
				2EFF2A1230112F7200C6790B /* Mercury */,
				6C1380251DACF10B2AAF3F95 /* iosApp */,
			);
			name = iosApp;
			packageProductDependencies = (
			);
			productName = iosApp;
			productReference = D956FD5E37CBEB87E7ABFAA6 /* Mercury.app */;
			productType = "com.apple.product-type.application";
		};
/* End PBXNativeTarget section */

/* Begin PBXProject section */
		8417A4177F08410B91AAC32F /* Project object */ = {
			isa = PBXProject;
			attributes = {
				BuildIndependentTargetsInParallel = 1;
				LastSwiftUpdateCheck = 1620;
				LastUpgradeCheck = 2660;
				TargetAttributes = {
					474263D4B11B924EA02484E9 = {
						CreatedOnToolsVersion = 16.2;
					};
				};
			};
			buildConfigurationList = 1BD7EF202C2565E5F631AF42 /* Build configuration list for PBXProject "iosApp" */;
			developmentRegion = en;
			hasScannedForEncodings = 0;
			knownRegions = (
				en,
				Base,
			);
			mainGroup = 35B6F3EC05248E5BA9CC7CA3;
			minimizedProjectReferenceProxies = 1;
			preferredProjectObjectVersion = 77;
			productRefGroup = 9577F1E47F0AEE137AD86CD1 /* Products */;
			projectDirPath = "";
			projectReferences = (
				{
					ProductGroup = 2E56EF1D304A8EDD00C77FAA /* Products */;
					ProjectRef = 2E56ED0C304A8EDD00C77FAA /* iosApp.xcodeproj */;
				},
				{
					ProductGroup = 2EB1A1E530443BCB004B8A9C /* Products */;
					ProjectRef = 2EB1A1A930443BCB004B8A9C /* iosApp.xcodeproj */;
				},
				{
					ProductGroup = 2E453CBA3011556A000E0AB6 /* Products */;
					ProjectRef = 2E4539C13011556A000E0AB6 /* iosApp.xcodeproj */;
				},
				{
					ProductGroup = 2EB0B89C30318ACF0081A995 /* Products */;
					ProjectRef = 2EB0B79930318ACF0081A995 /* iosApp.xcodeproj */;
				},
				{
					ProductGroup = 2E24F7FD30115CE100A62C0B /* Products */;
					ProjectRef = 2E24EE5030115CE100A62C0B /* iosApp.xcodeproj */;
				},
				{
					ProductGroup = 2E88D95530121A52008A7446 /* Products */;
					ProjectRef = 2E88D76930121A52008A7446 /* iosApp.xcodeproj */;
				},
				{
					ProductGroup = 2EBC763830343C0200E100F2 /* Products */;
					ProjectRef = 2EBC754630343C0200E100F2 /* iosApp.xcodeproj */;
				},
				{
					ProductGroup = 2EB5B9DE303D8B0B001CA2A1 /* Products */;
					ProjectRef = 2EB5B92E303D8B0B001CA2A1 /* iosApp.xcodeproj */;
				},
				{
					ProductGroup = 2E8EA4EB301135E00039A83E /* Products */;
					ProjectRef = 2E8EA3AB301135E00039A83E /* iosApp.xcodeproj */;
				},
				{
					ProductGroup = 2E554AC43011411F00D8B116 /* Products */;
					ProjectRef = 2E5547CF3011411F00D8B116 /* iosApp.xcodeproj */;
				},
				{
					ProductGroup = 2EBBC45C302EE9FB00E94228 /* Products */;
					ProjectRef = 2EBBC388302EE9FB00E94228 /* iosApp.xcodeproj */;
				},
				{
					ProductGroup = 2EBCBBD23043E66A00876C53 /* Products */;
					ProjectRef = 2EBCB9CD3043E66A00876C53 /* iosApp.xcodeproj */;
				},
				{
					ProductGroup = 2E8EA4E7301135E00039A83E /* Products */;
					ProjectRef = 2E8EA1F4301135E00039A83E /* iosApp.xcodeproj */;
				},
				{
					ProductGroup = 2EB2413D303C1C6D003D7F4B /* Products */;
					ProjectRef = 2EB2408D303C1C6D003D7F4B /* iosApp.xcodeproj */;
				},
				{
					ProductGroup = 2E0F45F030113C9100EC26A5 /* Products */;
					ProjectRef = 2E0F304530113C9100EC26A5 /* iosApp.xcodeproj */;
				},
				{
					ProductGroup = 2E24F7FB30115CE100A62C0B /* Products */;
					ProjectRef = 2E24F50430115CE100A62C0B /* iosApp.xcodeproj */;
				},
				{
					ProductGroup = 2E554AC83011411F00D8B116 /* Products */;
					ProjectRef = 2E5549863011411F00D8B116 /* iosApp.xcodeproj */;
				},
				{
					ProductGroup = 2E651A1C3011567000E4B3F6 /* Products */;
					ProjectRef = 2E6510C53011567000E4B3F6 /* iosApp.xcodeproj */;
				},
				{
					ProductGroup = 2EB286CB301136E7003901EF /* Products */;
					ProjectRef = 2EB283D2301136E7003901EF /* iosApp.xcodeproj */;
				},
				{
					ProductGroup = 2E79421E3031BE07007DE2A1 /* Products */;
					ProjectRef = 2E7941E03031BE07007DE2A1 /* iosApp.xcodeproj */;
				},
				{
					ProductGroup = 2E0F45F630113C9100EC26A5 /* Products */;
					ProjectRef = 2E0F42FD30113C9100EC26A5 /* iosApp.xcodeproj */;
				},
				{
					ProductGroup = 2E360ABE30113F0C002163FF /* Products */;
					ProjectRef = 2E3607CB30113F0C002163FF /* iosApp.xcodeproj */;
				},
				{
					ProductGroup = 2EB9989B3045451500E86162 /* Products */;
					ProjectRef = 2EB9968A3045451500E86162 /* iosApp.xcodeproj */;
				},
				{
					ProductGroup = 2EDF563F30212CE600AC8391 /* Products */;
					ProjectRef = 2EDF55A930212CE600AC8391 /* iosApp.xcodeproj */;
				},
				{
					ProductGroup = 2EB286C5301136E7003901EF /* Products */;
					ProjectRef = 2EB273B7301136E7003901EF /* iosApp.xcodeproj */;
				},
				{
					ProductGroup = 2E651A1A3011567000E4B3F6 /* Products */;
					ProjectRef = 2E6517253011567000E4B3F6 /* iosApp.xcodeproj */;
				},
				{
					ProductGroup = 2EBE82BF302E426D00BF5E29 /* Products */;
					ProjectRef = 2EBE8209302E426D00BF5E29 /* iosApp.xcodeproj */;
				},
				{
					ProductGroup = 2EEB585630483F880087959C /* Products */;
					ProjectRef = 2EEB581A30483F880087959C /* iosApp.xcodeproj */;
				},
				{
					ProductGroup = 2EAABD053044731A000914DF /* Products */;
					ProjectRef = 2EAABCC93044731A000914DF /* iosApp.xcodeproj */;
				},
				{
					ProductGroup = 2E651A1E3011567000E4B3F6 /* Products */;
					ProjectRef = 2E6518DC3011567000E4B3F6 /* iosApp.xcodeproj */;
				},
				{
					ProductGroup = 2EB03D6B30399E84001B3A8C /* Products */;
					ProjectRef = 2EB03CBB30399E84001B3A8C /* iosApp.xcodeproj */;
				},
				{
					ProductGroup = 2E0F45F230113C9100EC26A5 /* Products */;
					ProjectRef = 2E0F44B430113C9100EC26A5 /* iosApp.xcodeproj */;
				},
				{
					ProductGroup = 2E3885F03025E3EA000555E0 /* Products */;
					ProjectRef = 2E38854E3025E3EA000555E0 /* iosApp.xcodeproj */;
				},
				{
					ProductGroup = 2EBC410C30132C0F00540CB1 /* Products */;
					ProjectRef = 2EBC40EA30132C0F00540CB1 /* iosApp.xcodeproj */;
				},
				{
					ProductGroup = 2E249182301152AB000DC9BF /* Products */;
					ProjectRef = 2E24886C301152AB000DC9BF /* iosApp.xcodeproj */;
				},
				{
					ProductGroup = 2E453CB83011556A000E0AB6 /* Products */;
					ProjectRef = 2E453B783011556A000E0AB6 /* iosApp.xcodeproj */;
				},
				{
					ProductGroup = 2EA33A6B3049A3A000C156A9 /* Products */;
					ProjectRef = 2EA33A2F3049A3A000C156A9 /* iosApp.xcodeproj */;
				},
				{
					ProductGroup = 2E453CB43011556A000E0AB6 /* Products */;
					ProjectRef = 2E4533773011556A000E0AB6 /* iosApp.xcodeproj */;
				},
				{
					ProductGroup = 2E3FE8953040A83200543B13 /* Products */;
					ProjectRef = 2E3FE69E3040A83200543B13 /* iosApp.xcodeproj */;
				},
				{
					ProductGroup = 2EBE402030357D6F00AC7712 /* Products */;
					ProjectRef = 2EBE3F2E30357D6F00AC7712 /* iosApp.xcodeproj */;
				},
				{
					ProductGroup = 2E2F536F30493E340003F98F /* Products */;
					ProjectRef = 2E2F533330493E340003F98F /* iosApp.xcodeproj */;
				},
				{
					ProductGroup = 2E72F6D9303ACF20002CAB5F /* Products */;
					ProjectRef = 2E72F629303ACF20002CAB5F /* iosApp.xcodeproj */;
				},
				{
					ProductGroup = 2E249184301152AB000DC9BF /* Products */;
					ProjectRef = 2E249046301152AB000DC9BF /* iosApp.xcodeproj */;
				},
				{
					ProductGroup = 2E8EA4E9301135E00039A83E /* Products */;
					ProjectRef = 2E8E9234301135E00039A83E /* iosApp.xcodeproj */;
				},
				{
					ProductGroup = 2E249188301152AB000DC9BF /* Products */;
					ProjectRef = 2E248E8F301152AB000DC9BF /* iosApp.xcodeproj */;
				},
				{
					ProductGroup = 2E88D95730121A52008A7446 /* Products */;
					ProjectRef = 2E88C7C730121A52008A7446 /* iosApp.xcodeproj */;
				},
				{
					ProductGroup = 2E8A4FBA3020BAD60038841A /* Products */;
					ProjectRef = 2E8A4F243020BAD60038841A /* iosApp.xcodeproj */;
				},
				{
					ProductGroup = 2EB0BDCB30304CBA00FE865D /* Products */;
					ProjectRef = 2EB0BCC830304CBA00FE865D /* iosApp.xcodeproj */;
				},
				{
					ProductGroup = 2EB88D5530381DD700AF0812 /* Products */;
					ProjectRef = 2EB88C6930381DD700AF0812 /* iosApp.xcodeproj */;
				},
				{
					ProductGroup = 2ED623203046B9B8007EE001 /* Products */;
					ProjectRef = 2ED6210F3046B9B8007EE001 /* iosApp.xcodeproj */;
				},
				{
					ProductGroup = 2EB345A73032F2EC00257568 /* Products */;
					ProjectRef = 2EB344B53032F2EC00257568 /* iosApp.xcodeproj */;
				},
				{
					ProductGroup = 2EB452E0304172FE00CD1866 /* Products */;
					ProjectRef = 2EB450E9304172FE00CD1866 /* iosApp.xcodeproj */;
				},
				{
					ProductGroup = 2E360AC430113F0C002163FF /* Products */;
					ProjectRef = 2E36098230113F0C002163FF /* iosApp.xcodeproj */;
				},
				{
					ProductGroup = 2E3BB058303F8D37001025A9 /* Products */;
					ProjectRef = 2E3BAFA8303F8D37001025A9 /* iosApp.xcodeproj */;
				},
				{
					ProductGroup = 2E88D95330121A52008A7446 /* Products */;
					ProjectRef = 2E88D5B230121A52008A7446 /* iosApp.xcodeproj */;
				},
				{
					ProductGroup = 2E71E7763045A8A200278F2C /* Products */;
					ProjectRef = 2E71E5653045A8A200278F2C /* iosApp.xcodeproj */;
				},
				{
					ProductGroup = 2E554AC23011411F00D8B116 /* Products */;
					ProjectRef = 2E5547973011411F00D8B116 /* iosApp.xcodeproj */;
				},
				{
					ProductGroup = 2EC6E40D304055EA001979F6 /* Products */;
					ProjectRef = 2EC6E35D304055EA001979F6 /* iosApp.xcodeproj */;
				},
				{
					ProductGroup = 2E360AC030113F0C002163FF /* Products */;
					ProjectRef = 2E36F4FE30113F0C002163FF /* iosApp.xcodeproj */;
				},
				{
					ProductGroup = 2EB5428530208195007DDEFC /* Products */;
					ProjectRef = 2EB541F130208195007DDEFC /* iosApp.xcodeproj */;
				},
				{
					ProductGroup = 2EB9AF4130430EC100055E9E /* Products */;
					ProjectRef = 2EB9AF0530430EC100055E9E /* iosApp.xcodeproj */;
				},
				{
					ProductGroup = 2EB45249301F02C500C816B8 /* Products */;
					ProjectRef = 2EB451B9301F02C500C816B8 /* iosApp.xcodeproj */;
				},
				{
					ProductGroup = 2E92D76B302B396800836AEE /* Products */;
					ProjectRef = 2E92D6BF302B396800836AEE /* iosApp.xcodeproj */;
				},
				{
					ProductGroup = 2E24F7F730115CE100A62C0B /* Products */;
					ProjectRef = 2E24F6BB30115CE100A62C0B /* iosApp.xcodeproj */;
				},
				{
					ProductGroup = 2EB286C7301136E7003901EF /* Products */;
					ProjectRef = 2EB28589301136E7003901EF /* iosApp.xcodeproj */;
				},
				{
					ProductGroup = 2E651A183011567000E4B3F6 /* Products */;
					ProjectRef = 2E6510C63011567000E4B3F6 /* iosApp_copy.xcodeproj */;
				},
				{
					ProductGroup = 2E249186301152AB000DC9BF /* Products */;
					ProjectRef = 2E24886D301152AB000DC9BF /* iosApp_copy.xcodeproj */;
				},
				{
					ProductGroup = 2EB286C9301136E7003901EF /* Products */;
					ProjectRef = 2EB273B8301136E7003901EF /* iosApp_copy.xcodeproj */;
				},
				{
					ProductGroup = 2E24F7F930115CE100A62C0B /* Products */;
					ProjectRef = 2E24EE5130115CE100A62C0B /* iosApp_copy.xcodeproj */;
				},
				{
					ProductGroup = 2E88D95130121A52008A7446 /* Products */;
					ProjectRef = 2E88C7C830121A52008A7446 /* iosApp_copy.xcodeproj */;
				},
				{
					ProductGroup = 2E554AC63011411F00D8B116 /* Products */;
					ProjectRef = 2E5547983011411F00D8B116 /* iosApp_copy.xcodeproj */;
				},
				{
					ProductGroup = 2E0F45F430113C9100EC26A5 /* Products */;
					ProjectRef = 2E0F304630113C9100EC26A5 /* iosApp_copy.xcodeproj */;
				},
				{
					ProductGroup = 2E360AC230113F0C002163FF /* Products */;
					ProjectRef = 2E36F4FF30113F0C002163FF /* iosApp_copy.xcodeproj */;
				},
				{
					ProductGroup = 2E8EA4ED301135E00039A83E /* Products */;
					ProjectRef = 2E8E9235301135E00039A83E /* iosApp_copy.xcodeproj */;
				},
				{
					ProductGroup = 2E453CB63011556A000E0AB6 /* Products */;
					ProjectRef = 2E4533783011556A000E0AB6 /* iosApp_copy.xcodeproj */;
				},
			);
			projectRoot = "";
			targets = (
				474263D4B11B924EA02484E9 /* iosApp */,
			);
		};
/* End PBXProject section */

/* Begin PBXResourcesBuildPhase section */
		AE637D1E10C23CED8C1B9E58 /* Resources */ = {
			isa = PBXResourcesBuildPhase;
			buildActionMask = 2147483647;
			files = (
			);
			runOnlyForDeploymentPostprocessing = 0;
		};
/* End PBXResourcesBuildPhase section */

/* Begin PBXShellScriptBuildPhase section */
		C0DDDD803BADCB61D62E3254 /* Compile Kotlin Framework */ = {
			isa = PBXShellScriptBuildPhase;
			alwaysOutOfDate = 1;
			buildActionMask = 2147483647;
			files = (
			);
			inputFileListPaths = (
				"",
			);
			inputPaths = (
			);
			name = "Compile Kotlin Framework";
			outputFileListPaths = (
			);
			outputPaths = (
				"$(BUILT_PRODUCTS_DIR)/$(FRAMEWORKS_FOLDER_PATH)/shared.framework",
			);
			runOnlyForDeploymentPostprocessing = 0;
			shellPath = /bin/sh;
			shellScript = "export JAVA_HOME=\"/Library/Java/JavaVirtualMachines/temurin-25.jdk/Contents/Home\"\nexport GRADLE_OPTS=\"-Xss32m -Xmx2048m -Dkotlin.native.cacheKind=none\"\nif [ \"YES\" = \"$OVERRIDE_KOTLIN_BUILD_IDE_SUPPORTED\" ]; then\n  echo \"Skipping Gradle build task invocation due to OVERRIDE_KOTLIN_BUILD_IDE_SUPPORTED environment variable set to \\\"YES\\\"\"\n  exit 0\nfi\ncd \"$SRCROOT/..\"\n./gradlew :shared:embedAndSignAppleFrameworkForXcode\n";
		};
/* End PBXShellScriptBuildPhase section */

/* Begin PBXSourcesBuildPhase section */
		E6F8E294131109DA44991EF6 /* Sources */ = {
			isa = PBXSourcesBuildPhase;
			buildActionMask = 2147483647;
			files = (
			);
			runOnlyForDeploymentPostprocessing = 0;
		};
/* End PBXSourcesBuildPhase section */

/* Begin XCBuildConfiguration section */
		43660075389CADB879C1D78D /* Debug */ = {
			isa = XCBuildConfiguration;
			buildSettings = {
				ARCHS = "$(ARCHS_STANDARD)";
				ASSETCATALOG_COMPILER_APPICON_NAME = AppIcon;
				ASSETCATALOG_COMPILER_GLOBAL_ACCENT_COLOR_NAME = AccentColor;
				CODE_SIGN_IDENTITY = "Apple Development";
				CODE_SIGN_STYLE = Automatic;
				DEVELOPMENT_ASSET_PATHS = "\"iosApp/Preview Content\"";
				ENABLE_PREVIEWS = NO;
				EXCLUDED_ARCHS = "";
				FRAMEWORK_SEARCH_PATHS = (
					"$(inherited)",
					"$(SRCROOT)/../shared/build/xcode-frameworks/$(CONFIGURATION)/$(SDK_NAME)",
				);
				GENERATE_INFOPLIST_FILE = YES;
				INFOPLIST_FILE = iosApp/Info.plist;
				INFOPLIST_KEY_UIApplicationSceneManifest_Generation = YES;
				INFOPLIST_KEY_UIApplicationSupportsIndirectInputEvents = YES;
				INFOPLIST_KEY_UILaunchScreen_Generation = YES;
				INFOPLIST_KEY_UISupportedInterfaceOrientations_iPad = "UIInterfaceOrientationPortrait UIInterfaceOrientationPortraitUpsideDown UIInterfaceOrientationLandscapeLeft UIInterfaceOrientationLandscapeRight";
				INFOPLIST_KEY_UISupportedInterfaceOrientations_iPhone = "UIInterfaceOrientationPortrait UIInterfaceOrientationLandscapeLeft UIInterfaceOrientationLandscapeRight";
				LD_RUNPATH_SEARCH_PATHS = (
					"$(inherited)",
					"@executable_path/Frameworks",
				);
				SWIFT_EMIT_LOC_STRINGS = YES;
				SWIFT_VERSION = 5.0;
				TARGETED_DEVICE_FAMILY = "1,2";
			};
			name = Debug;
		};
		9B04C272F9C613448B00723B /* Release */ = {
			isa = XCBuildConfiguration;
			baseConfigurationReferenceAnchor = 1D7E560A365C11CD1844009B /* Configuration */;
			baseConfigurationReferenceRelativePath = Config.xcconfig;
			buildSettings = {
				ALWAYS_SEARCH_USER_PATHS = NO;
				ASSETCATALOG_COMPILER_GENERATE_SWIFT_ASSET_SYMBOL_EXTENSIONS = YES;
				CLANG_ANALYZER_NONNULL = YES;
				CLANG_ANALYZER_NUMBER_OBJECT_CONVERSION = YES_AGGRESSIVE;
				CLANG_CXX_LANGUAGE_STANDARD = "gnu++20";
				CLANG_ENABLE_MODULES = YES;
				CLANG_ENABLE_OBJC_ARC = YES;
				CLANG_ENABLE_OBJC_WEAK = YES;
				CLANG_WARN_BLOCK_CAPTURE_AUTORELEASING = YES;
				CLANG_WARN_BOOL_CONVERSION = YES;
				CLANG_WARN_COMMA = YES;
				CLANG_WARN_CONSTANT_CONVERSION = YES;
				CLANG_WARN_DEPRECATED_OBJC_IMPLEMENTATIONS = YES;
				CLANG_WARN_DIRECT_OBJC_ISA_USAGE = YES_ERROR;
				CLANG_WARN_DOCUMENTATION_COMMENTS = YES;
				CLANG_WARN_EMPTY_BODY = YES;
				CLANG_WARN_ENUM_CONVERSION = YES;
				CLANG_WARN_INFINITE_RECURSION = YES;
				CLANG_WARN_INT_CONVERSION = YES;
				CLANG_WARN_NON_LITERAL_NULL_CONVERSION = YES;
				CLANG_WARN_OBJC_IMPLICIT_RETAIN_SELF = YES;
				CLANG_WARN_OBJC_LITERAL_CONVERSION = YES;
				CLANG_WARN_OBJC_ROOT_CLASS = YES_ERROR;
				CLANG_WARN_QUOTED_INCLUDE_IN_FRAMEWORK_HEADER = YES;
				CLANG_WARN_RANGE_LOOP_ANALYSIS = YES;
				CLANG_WARN_STRICT_PROTOTYPES = YES;
				CLANG_WARN_SUSPICIOUS_MOVE = YES;
				CLANG_WARN_UNGUARDED_AVAILABILITY = YES_AGGRESSIVE;
				CLANG_WARN_UNREACHABLE_CODE = YES;
				CLANG_WARN__DUPLICATE_METHOD_MATCH = YES;
				COPY_PHASE_STRIP = NO;
				DEBUG_INFORMATION_FORMAT = "dwarf-with-dsym";
				DEVELOPMENT_TEAM = "${TEAM_ID}";
				ENABLE_NS_ASSERTIONS = NO;
				ENABLE_STRICT_OBJC_MSGSEND = YES;
				ENABLE_USER_SCRIPT_SANDBOXING = NO;
				GCC_C_LANGUAGE_STANDARD = gnu17;
				GCC_NO_COMMON_BLOCKS = YES;
				GCC_WARN_64_TO_32_BIT_CONVERSION = YES;
				GCC_WARN_ABOUT_RETURN_TYPE = YES_ERROR;
				GCC_WARN_UNDECLARED_SELECTOR = YES;
				GCC_WARN_UNINITIALIZED_AUTOS = YES_AGGRESSIVE;
				GCC_WARN_UNUSED_FUNCTION = YES;
				GCC_WARN_UNUSED_VARIABLE = YES;
				IPHONEOS_DEPLOYMENT_TARGET = 18.2;
				LOCALIZATION_PREFERS_STRING_CATALOGS = YES;
				MTL_ENABLE_DEBUG_INFO = NO;
				MTL_FAST_MATH = YES;
				SDKROOT = iphoneos;
				STRING_CATALOG_GENERATE_SYMBOLS = YES;
				SWIFT_COMPILATION_MODE = wholemodule;
				VALIDATE_PRODUCT = YES;
			};
			name = Release;
		};
		AD94C96EB06E085966A2D861 /* Release */ = {
			isa = XCBuildConfiguration;
			buildSettings = {
				ARCHS = "$(ARCHS_STANDARD)";
				ASSETCATALOG_COMPILER_APPICON_NAME = AppIcon;
				ASSETCATALOG_COMPILER_GLOBAL_ACCENT_COLOR_NAME = AccentColor;
				CODE_SIGN_IDENTITY = "Apple Development";
				CODE_SIGN_STYLE = Automatic;
				DEVELOPMENT_ASSET_PATHS = "\"iosApp/Preview Content\"";
				ENABLE_PREVIEWS = NO;
				EXCLUDED_ARCHS = "";
				FRAMEWORK_SEARCH_PATHS = (
					"$(inherited)",
					"$(SRCROOT)/../shared/build/xcode-frameworks/$(CONFIGURATION)/$(SDK_NAME)",
				);
				GENERATE_INFOPLIST_FILE = YES;
				INFOPLIST_FILE = iosApp/Info.plist;
				INFOPLIST_KEY_UIApplicationSceneManifest_Generation = YES;
				INFOPLIST_KEY_UIApplicationSupportsIndirectInputEvents = YES;
				INFOPLIST_KEY_UILaunchScreen_Generation = YES;
				INFOPLIST_KEY_UISupportedInterfaceOrientations_iPad = "UIInterfaceOrientationPortrait UIInterfaceOrientationPortraitUpsideDown UIInterfaceOrientationLandscapeLeft UIInterfaceOrientationLandscapeRight";
				INFOPLIST_KEY_UISupportedInterfaceOrientations_iPhone = "UIInterfaceOrientationPortrait UIInterfaceOrientationLandscapeLeft UIInterfaceOrientationLandscapeRight";
				LD_RUNPATH_SEARCH_PATHS = (
					"$(inherited)",
					"@executable_path/Frameworks",
				);
				SWIFT_EMIT_LOC_STRINGS = YES;
				SWIFT_VERSION = 5.0;
				TARGETED_DEVICE_FAMILY = "1,2";
			};
			name = Release;
		};
		D7460E82E7A74A4562548AB4 /* Debug */ = {
			isa = XCBuildConfiguration;
			baseConfigurationReferenceAnchor = 1D7E560A365C11CD1844009B /* Configuration */;
			baseConfigurationReferenceRelativePath = Config.xcconfig;
			buildSettings = {
				ALWAYS_SEARCH_USER_PATHS = NO;
				ASSETCATALOG_COMPILER_GENERATE_SWIFT_ASSET_SYMBOL_EXTENSIONS = YES;
				CLANG_ANALYZER_NONNULL = YES;
				CLANG_ANALYZER_NUMBER_OBJECT_CONVERSION = YES_AGGRESSIVE;
				CLANG_CXX_LANGUAGE_STANDARD = "gnu++20";
				CLANG_ENABLE_MODULES = YES;
				CLANG_ENABLE_OBJC_ARC = YES;
				CLANG_ENABLE_OBJC_WEAK = YES;
				CLANG_WARN_BLOCK_CAPTURE_AUTORELEASING = YES;
				CLANG_WARN_BOOL_CONVERSION = YES;
				CLANG_WARN_COMMA = YES;
				CLANG_WARN_CONSTANT_CONVERSION = YES;
				CLANG_WARN_DEPRECATED_OBJC_IMPLEMENTATIONS = YES;
				CLANG_WARN_DIRECT_OBJC_ISA_USAGE = YES_ERROR;
				CLANG_WARN_DOCUMENTATION_COMMENTS = YES;
				CLANG_WARN_EMPTY_BODY = YES;
				CLANG_WARN_ENUM_CONVERSION = YES;
				CLANG_WARN_INFINITE_RECURSION = YES;
				CLANG_WARN_INT_CONVERSION = YES;
				CLANG_WARN_NON_LITERAL_NULL_CONVERSION = YES;
				CLANG_WARN_OBJC_IMPLICIT_RETAIN_SELF = YES;
				CLANG_WARN_OBJC_LITERAL_CONVERSION = YES;
				CLANG_WARN_OBJC_ROOT_CLASS = YES_ERROR;
				CLANG_WARN_QUOTED_INCLUDE_IN_FRAMEWORK_HEADER = YES;
				CLANG_WARN_RANGE_LOOP_ANALYSIS = YES;
				CLANG_WARN_STRICT_PROTOTYPES = YES;
				CLANG_WARN_SUSPICIOUS_MOVE = YES;
				CLANG_WARN_UNGUARDED_AVAILABILITY = YES_AGGRESSIVE;
				CLANG_WARN_UNREACHABLE_CODE = YES;
				CLANG_WARN__DUPLICATE_METHOD_MATCH = YES;
				COPY_PHASE_STRIP = NO;
				DEBUG_INFORMATION_FORMAT = dwarf;
				DEVELOPMENT_TEAM = "${TEAM_ID}";
				ENABLE_STRICT_OBJC_MSGSEND = YES;
				ENABLE_TESTABILITY = YES;
				ENABLE_USER_SCRIPT_SANDBOXING = NO;
				GCC_C_LANGUAGE_STANDARD = gnu17;
				GCC_DYNAMIC_NO_PIC = NO;
				GCC_NO_COMMON_BLOCKS = YES;
				GCC_OPTIMIZATION_LEVEL = 0;
				GCC_PREPROCESSOR_DEFINITIONS = (
					"DEBUG=1",
					"$(inherited)",
				);
				GCC_WARN_64_TO_32_BIT_CONVERSION = YES;
				GCC_WARN_ABOUT_RETURN_TYPE = YES_ERROR;
				GCC_WARN_UNDECLARED_SELECTOR = YES;
				GCC_WARN_UNINITIALIZED_AUTOS = YES_AGGRESSIVE;
				GCC_WARN_UNUSED_FUNCTION = YES;
				GCC_WARN_UNUSED_VARIABLE = YES;
				IPHONEOS_DEPLOYMENT_TARGET = 18.2;
				LOCALIZATION_PREFERS_STRING_CATALOGS = YES;
				MTL_ENABLE_DEBUG_INFO = INCLUDE_SOURCE;
				MTL_FAST_MATH = YES;
				ONLY_ACTIVE_ARCH = YES;
				SDKROOT = iphoneos;
				STRING_CATALOG_GENERATE_SYMBOLS = YES;
				SWIFT_ACTIVE_COMPILATION_CONDITIONS = "DEBUG $(inherited)";
				SWIFT_OPTIMIZATION_LEVEL = "-Onone";
			};
			name = Debug;
		};
/* End XCBuildConfiguration section */

/* Begin XCConfigurationList section */
		1BD7EF202C2565E5F631AF42 /* Build configuration list for PBXProject "iosApp" */ = {
			isa = XCConfigurationList;
			buildConfigurations = (
				D7460E82E7A74A4562548AB4 /* Debug */,
				9B04C272F9C613448B00723B /* Release */,
			);
			defaultConfigurationIsVisible = 0;
			defaultConfigurationName = Release;
		};
		D07C1CD17B077B0AD94EF601 /* Build configuration list for PBXNativeTarget "iosApp" */ = {
			isa = XCConfigurationList;
			buildConfigurations = (
				43660075389CADB879C1D78D /* Debug */,
				AD94C96EB06E085966A2D861 /* Release */,
			);
			defaultConfigurationIsVisible = 0;
			defaultConfigurationName = Release;
		};
/* End XCConfigurationList section */
	};
	rootObject = 8417A4177F08410B91AAC32F /* Project object */;
}
